// !$*UTF8*$!
{
	archiveVersion = 1;
	classes = {
	};
	objectVersion = 51;
	objects = {

/* Begin PBXBuildFile section */
		46A295004F91CFF8DDABD91B /* Pods_pinitTests.framework in Frameworks */ = {isa = PBXBuildFile; fileRef = 219D9227D06B7B43F2DA3DEE /* Pods_pinitTests.framework */; };
		5D032FB725400672009D9D67 /* BlockUsersService.swift in Sources */ = {isa = PBXBuildFile; fileRef = 5D032FB625400672009D9D67 /* BlockUsersService.swift */; };
		5D032FB925400B27009D9D67 /* BlockedUserModel.swift in Sources */ = {isa = PBXBuildFile; fileRef = 5D032FB825400B27009D9D67 /* BlockedUserModel.swift */; };
		5D032FBB25401505009D9D67 /* OtherUserModel.swift in Sources */ = {isa = PBXBuildFile; fileRef = 5D032FBA25401505009D9D67 /* OtherUserModel.swift */; };
		5D032FBD25401582009D9D67 /* BlockUserView.swift in Sources */ = {isa = PBXBuildFile; fileRef = 5D032FBC25401582009D9D67 /* BlockUserView.swift */; };
		5D032FBF254016AB009D9D67 /* BlockUserViewModel.swift in Sources */ = {isa = PBXBuildFile; fileRef = 5D032FBE254016AB009D9D67 /* BlockUserViewModel.swift */; };
		5D032FC125403E69009D9D67 /* RequestBlockUserModel.swift in Sources */ = {isa = PBXBuildFile; fileRef = 5D032FC025403E69009D9D67 /* RequestBlockUserModel.swift */; };
		5D18494D250987DA0035021F /* EstimatedUserLocationService.swift in Sources */ = {isa = PBXBuildFile; fileRef = 5D18494C250987DA0035021F /* EstimatedUserLocationService.swift */; };
		5D1CF0A82500095B00DD4E90 /* PostDisplayInfoViewModel.swift in Sources */ = {isa = PBXBuildFile; fileRef = 5D1CF0A72500095B00DD4E90 /* PostDisplayInfoViewModel.swift */; };
		5D249CEF24FFFA3C00956241 /* PostDisplayInfoModel.swift in Sources */ = {isa = PBXBuildFile; fileRef = 5D249CEE24FFFA3C00956241 /* PostDisplayInfoModel.swift */; };
		5D2754FA252E572300F5F2AA /* FeedbackModel.swift in Sources */ = {isa = PBXBuildFile; fileRef = 5D2754F9252E572300F5F2AA /* FeedbackModel.swift */; };
		5D2754FC252E585700F5F2AA /* AdditionalDataService.swift in Sources */ = {isa = PBXBuildFile; fileRef = 5D2754FB252E585700F5F2AA /* AdditionalDataService.swift */; };
		5D2754FE252E5A3200F5F2AA /* RequestFeedbackModel.swift in Sources */ = {isa = PBXBuildFile; fileRef = 5D2754FD252E5A3200F5F2AA /* RequestFeedbackModel.swift */; };
		5D275500252E633800F5F2AA /* RequestReportUserModel.swift in Sources */ = {isa = PBXBuildFile; fileRef = 5D2754FF252E633800F5F2AA /* RequestReportUserModel.swift */; };
		5D275502252E635600F5F2AA /* ReportUserModel.swift in Sources */ = {isa = PBXBuildFile; fileRef = 5D275501252E635600F5F2AA /* ReportUserModel.swift */; };
		5D275504252E64CD00F5F2AA /* FeedbackView.swift in Sources */ = {isa = PBXBuildFile; fileRef = 5D275503252E64CD00F5F2AA /* FeedbackView.swift */; };
		5D275506252E753F00F5F2AA /* ReportUserView.swift in Sources */ = {isa = PBXBuildFile; fileRef = 5D275505252E753F00F5F2AA /* ReportUserView.swift */; };
		5D297D4125236574008E9FF5 /* UIKitSafariWebView.swift in Sources */ = {isa = PBXBuildFile; fileRef = 5D297D4025236574008E9FF5 /* UIKitSafariWebView.swift */; };
		5D297D4525238316008E9FF5 /* UserActiveDataModel.swift in Sources */ = {isa = PBXBuildFile; fileRef = 5D297D4425238316008E9FF5 /* UserActiveDataModel.swift */; };
		5D2C93C925455CDD00C97FDA /* MainOnboardingView.swift in Sources */ = {isa = PBXBuildFile; fileRef = 5D2C93C825455CDD00C97FDA /* MainOnboardingView.swift */; };
		5D2C93CD2545687300C97FDA /* MainArViewIconsView.swift in Sources */ = {isa = PBXBuildFile; fileRef = 5D2C93CC2545687300C97FDA /* MainArViewIconsView.swift */; };
		5D2C93CF2545696D00C97FDA /* MainArViewIndicatorsView.swift in Sources */ = {isa = PBXBuildFile; fileRef = 5D2C93CE2545696D00C97FDA /* MainArViewIndicatorsView.swift */; };
		5D2C93D12545846B00C97FDA /* OnboardingViewModel.swift in Sources */ = {isa = PBXBuildFile; fileRef = 5D2C93D02545846B00C97FDA /* OnboardingViewModel.swift */; };
		5D2ED1F824FD0D3C00C542B0 /* TextViewModifiers.swift in Sources */ = {isa = PBXBuildFile; fileRef = 5D2ED1F724FD0D3C00C542B0 /* TextViewModifiers.swift */; };
		5D2ED1FA24FD1B5F00C542B0 /* CustomTextFieldView.swift in Sources */ = {isa = PBXBuildFile; fileRef = 5D2ED1F924FD1B5F00C542B0 /* CustomTextFieldView.swift */; };
		5D31948624F00ECF001182E4 /* SafeTopEdgeViewModifier.swift in Sources */ = {isa = PBXBuildFile; fileRef = 5D31948524F00ECF001182E4 /* SafeTopEdgeViewModifier.swift */; };
		5D31948824F0195F001182E4 /* RequestCreatePostWithImageModel.swift in Sources */ = {isa = PBXBuildFile; fileRef = 5D31948724F0195F001182E4 /* RequestCreatePostWithImageModel.swift */; };
		5D35B3B42521290A0050EDF9 /* CirclesScaleLoader.swift in Sources */ = {isa = PBXBuildFile; fileRef = 5D35B3B32521290A0050EDF9 /* CirclesScaleLoader.swift */; };
		5D4DD09F24ED2A1200E1FDF3 /* CaptureImageView.swift in Sources */ = {isa = PBXBuildFile; fileRef = 5D4DD09E24ED2A1200E1FDF3 /* CaptureImageView.swift */; };
		5D4DD0A224ED34B300E1FDF3 /* PathDrawing.swift in Sources */ = {isa = PBXBuildFile; fileRef = 5D4DD0A124ED34B300E1FDF3 /* PathDrawing.swift */; };
		5D4DD0A424ED353B00E1FDF3 /* ImagePaintingModel.swift in Sources */ = {isa = PBXBuildFile; fileRef = 5D4DD0A324ED353B00E1FDF3 /* ImagePaintingModel.swift */; };
		5D4DD0AA24ED425700E1FDF3 /* EditCaptureImageView.swift in Sources */ = {isa = PBXBuildFile; fileRef = 5D4DD0A924ED425700E1FDF3 /* EditCaptureImageView.swift */; };
		5D5245FD24F4555E0000317D /* SetupProfileViewModel.swift in Sources */ = {isa = PBXBuildFile; fileRef = 5D5245FC24F4555E0000317D /* SetupProfileViewModel.swift */; };
		5D52F7A724E917D400D9F27E /* MainArView.swift in Sources */ = {isa = PBXBuildFile; fileRef = 5D52F7A624E917D400D9F27E /* MainArView.swift */; };
		5D52F7A924E91AE700D9F27E /* AuthenticationService.swift in Sources */ = {isa = PBXBuildFile; fileRef = 5D52F7A824E91AE700D9F27E /* AuthenticationService.swift */; };
		5D52F7AB24E91DEA00D9F27E /* Notification+Extensions.swift in Sources */ = {isa = PBXBuildFile; fileRef = 5D52F7AA24E91DEA00D9F27E /* Notification+Extensions.swift */; };
		5D52F7AD24E91EF200D9F27E /* SettingsViewModel.swift in Sources */ = {isa = PBXBuildFile; fileRef = 5D52F7AC24E91EF200D9F27E /* SettingsViewModel.swift */; };
		5D52F7AF24E9251800D9F27E /* ScreenManagementService.swift in Sources */ = {isa = PBXBuildFile; fileRef = 5D52F7AE24E9251800D9F27E /* ScreenManagementService.swift */; };
		5D52F7B324E9257E00D9F27E /* UserProfileService.swift in Sources */ = {isa = PBXBuildFile; fileRef = 5D52F7B224E9257D00D9F27E /* UserProfileService.swift */; };
		5D52F7B524E9288200D9F27E /* Publishers+Extensions.swift in Sources */ = {isa = PBXBuildFile; fileRef = 5D52F7B424E9288200D9F27E /* Publishers+Extensions.swift */; };
		5D52F7B724E93A5200D9F27E /* ProfileModel.swift in Sources */ = {isa = PBXBuildFile; fileRef = 5D52F7B624E93A5200D9F27E /* ProfileModel.swift */; };
		5D52F7B924E93AAA00D9F27E /* PostModel.swift in Sources */ = {isa = PBXBuildFile; fileRef = 5D52F7B824E93AAA00D9F27E /* PostModel.swift */; };
		5D52F7BD24E951AD00D9F27E /* Color+Extensions.swift in Sources */ = {isa = PBXBuildFile; fileRef = 5D52F7BC24E951AD00D9F27E /* Color+Extensions.swift */; };
		5D52F7BF24E952FE00D9F27E /* ProfileView.swift in Sources */ = {isa = PBXBuildFile; fileRef = 5D52F7BE24E952FE00D9F27E /* ProfileView.swift */; };
		5D52F7C124E9548D00D9F27E /* EditUsernameView.swift in Sources */ = {isa = PBXBuildFile; fileRef = 5D52F7C024E9548D00D9F27E /* EditUsernameView.swift */; };
		5D52F7CB24E96E8F00D9F27E /* LoginView.swift in Sources */ = {isa = PBXBuildFile; fileRef = 5D52F7CA24E96E8F00D9F27E /* LoginView.swift */; };
		5D52F7CF24E974D600D9F27E /* UIKItSignInWithApple.swift in Sources */ = {isa = PBXBuildFile; fileRef = 5D52F7CE24E974D600D9F27E /* UIKItSignInWithApple.swift */; };
		5D52F7D224E98E0F00D9F27E /* GeohashingService.swift in Sources */ = {isa = PBXBuildFile; fileRef = 5D52F7D124E98E0F00D9F27E /* GeohashingService.swift */; };
		5D52F7D624E98F2F00D9F27E /* UploadPostService.swift in Sources */ = {isa = PBXBuildFile; fileRef = 5D52F7D524E98F2F00D9F27E /* UploadPostService.swift */; };
		5D52F7D824E98F5900D9F27E /* RetrievePostService.swift in Sources */ = {isa = PBXBuildFile; fileRef = 5D52F7D724E98F5900D9F27E /* RetrievePostService.swift */; };
		5D52F7DA24E9932600D9F27E /* LocationService.swift in Sources */ = {isa = PBXBuildFile; fileRef = 5D52F7D924E9932600D9F27E /* LocationService.swift */; };
		5D52F7DF24E9952800D9F27E /* CLLocation+Extensions.swift in Sources */ = {isa = PBXBuildFile; fileRef = 5D52F7DE24E9952800D9F27E /* CLLocation+Extensions.swift */; };
		5D52F7E124E9A1B600D9F27E /* UIKitArSceneView.swift in Sources */ = {isa = PBXBuildFile; fileRef = 5D52F7E024E9A1B600D9F27E /* UIKitArSceneView.swift */; };
		5D52F7E324EA755C00D9F27E /* GeohashModel.swift in Sources */ = {isa = PBXBuildFile; fileRef = 5D52F7E224EA755C00D9F27E /* GeohashModel.swift */; };
		5D55FA4A2546D213000A9DB3 /* OnboardingSCNNode.swift in Sources */ = {isa = PBXBuildFile; fileRef = 5D55FA492546D212000A9DB3 /* OnboardingSCNNode.swift */; };
		5D55FA4C2546D490000A9DB3 /* OnboardingNodeModel.swift in Sources */ = {isa = PBXBuildFile; fileRef = 5D55FA4B2546D490000A9DB3 /* OnboardingNodeModel.swift */; };
		5D564F4024F2829300962CEF /* IconViewModifiers.swift in Sources */ = {isa = PBXBuildFile; fileRef = 5D564F3F24F2829300962CEF /* IconViewModifiers.swift */; };
		5D564F4224F2972400962CEF /* SliderMenuView.swift in Sources */ = {isa = PBXBuildFile; fileRef = 5D564F4124F2972400962CEF /* SliderMenuView.swift */; };
		5D567CF324F3E57300283E5B /* Avenir.ttc in Resources */ = {isa = PBXBuildFile; fileRef = 5D567CF224F3E57300283E5B /* Avenir.ttc */; };
		5D567CF724F428E400283E5B /* SetupProfileView.swift in Sources */ = {isa = PBXBuildFile; fileRef = 5D567CF624F428E400283E5B /* SetupProfileView.swift */; };
		5D567CF924F4340F00283E5B /* SoftEdgeButton.swift in Sources */ = {isa = PBXBuildFile; fileRef = 5D567CF824F4340F00283E5B /* SoftEdgeButton.swift */; };
		5D567CFB24F43BB500283E5B /* CustomButtonStyles.swift in Sources */ = {isa = PBXBuildFile; fileRef = 5D567CFA24F43BB500283E5B /* CustomButtonStyles.swift */; };
		5D576A3824F1A465004A004C /* EmailAuthenticationView.swift in Sources */ = {isa = PBXBuildFile; fileRef = 5D576A3724F1A465004A004C /* EmailAuthenticationView.swift */; };
		5D5F3241254A16A300901B9F /* LiveFeedModifiers.swift in Sources */ = {isa = PBXBuildFile; fileRef = 5D5F3240254A16A300901B9F /* LiveFeedModifiers.swift */; };
		5D67E7EF24E84E6C00F5D240 /* AppDelegate.swift in Sources */ = {isa = PBXBuildFile; fileRef = 5D67E7EE24E84E6C00F5D240 /* AppDelegate.swift */; };
		5D67E7F124E84E6C00F5D240 /* SceneDelegate.swift in Sources */ = {isa = PBXBuildFile; fileRef = 5D67E7F024E84E6C00F5D240 /* SceneDelegate.swift */; };
		5D67E7F524E84E7000F5D240 /* Assets.xcassets in Resources */ = {isa = PBXBuildFile; fileRef = 5D67E7F424E84E7000F5D240 /* Assets.xcassets */; };
		5D67E7F824E84E7000F5D240 /* Preview Assets.xcassets in Resources */ = {isa = PBXBuildFile; fileRef = 5D67E7F724E84E7000F5D240 /* Preview Assets.xcassets */; };
		5D67E7FB24E84E7000F5D240 /* LaunchScreen.storyboard in Resources */ = {isa = PBXBuildFile; fileRef = 5D67E7F924E84E7000F5D240 /* LaunchScreen.storyboard */; };
		5D67E80624E84E7000F5D240 /* pinitTests.swift in Sources */ = {isa = PBXBuildFile; fileRef = 5D67E80524E84E7000F5D240 /* pinitTests.swift */; };
		5D67E81124E84E7000F5D240 /* pinitUITests.swift in Sources */ = {isa = PBXBuildFile; fileRef = 5D67E81024E84E7000F5D240 /* pinitUITests.swift */; };
		5D6B1F7F24FEE7B800DCC418 /* CameraFeedController.swift in Sources */ = {isa = PBXBuildFile; fileRef = 5D6B1F7E24FEE7B800DCC418 /* CameraFeedController.swift */; };
		5D6B1F8124FEF85D00DCC418 /* CameraFeedViewController.swift in Sources */ = {isa = PBXBuildFile; fileRef = 5D6B1F8024FEF85D00DCC418 /* CameraFeedViewController.swift */; };
		5D7E39C525059CA800C6E0AB /* OptimisticUIPostModel.swift in Sources */ = {isa = PBXBuildFile; fileRef = 5D7E39C425059CA800C6E0AB /* OptimisticUIPostModel.swift */; };
		5D7ECA55254B25C100195079 /* ThrillingMoment.mp4 in Resources */ = {isa = PBXBuildFile; fileRef = 5D7ECA54254B25C100195079 /* ThrillingMoment.mp4 */; };
		5D7ECA57254B5B3900195079 /* FunMoment.mp4 in Resources */ = {isa = PBXBuildFile; fileRef = 5D7ECA56254B5B3900195079 /* FunMoment.mp4 */; };
		5D86652C25138EC800049980 /* CameraFeedView.swift in Sources */ = {isa = PBXBuildFile; fileRef = 5D86652B25138EC800049980 /* CameraFeedView.swift */; };
		5D9F13AB24F540FE00A8BC67 /* RequestSetupUserProfileModel.swift in Sources */ = {isa = PBXBuildFile; fileRef = 5D9F13AA24F540FE00A8BC67 /* RequestSetupUserProfileModel.swift */; };
		5DADAC9D251E01EA002C2571 /* PulseLoader.swift in Sources */ = {isa = PBXBuildFile; fileRef = 5DADAC9C251E01EA002C2571 /* PulseLoader.swift */; };
		5DAE4136250A7EB50017A598 /* GroupSCNNode.swift in Sources */ = {isa = PBXBuildFile; fileRef = 5DAE4135250A7EB50017A598 /* GroupSCNNode.swift */; };
		5DAE4138250C18820017A598 /* PostDisplayNodeModel.swift in Sources */ = {isa = PBXBuildFile; fileRef = 5DAE4137250C18820017A598 /* PostDisplayNodeModel.swift */; };
		5DC2859924ED029F00830887 /* AppArScnView.swift in Sources */ = {isa = PBXBuildFile; fileRef = 5DC2859824ED029F00830887 /* AppArScnView.swift */; };
		5DC2859D24ED0F3400830887 /* EditingViewModel.swift in Sources */ = {isa = PBXBuildFile; fileRef = 5DC2859C24ED0F3400830887 /* EditingViewModel.swift */; };
		5DC53050250E845C002FCD76 /* RequestCreatePostWithVideoModel.swift in Sources */ = {isa = PBXBuildFile; fileRef = 5DC5304F250E845C002FCD76 /* RequestCreatePostWithVideoModel.swift */; };
		5DC8527124EFC87B00E36DCE /* ViewRectViewModifier.swift in Sources */ = {isa = PBXBuildFile; fileRef = 5DC8527024EFC87B00E36DCE /* ViewRectViewModifier.swift */; };
		5DC8527324EFD9DC00E36DCE /* EnvironmentValues+Extensions.swift in Sources */ = {isa = PBXBuildFile; fileRef = 5DC8527224EFD9DC00E36DCE /* EnvironmentValues+Extensions.swift */; };
		5DC8527524EFDDC500E36DCE /* UIView+Extensions.swift in Sources */ = {isa = PBXBuildFile; fileRef = 5DC8527424EFDDC500E36DCE /* UIView+Extensions.swift */; };
		5DC8527724EFE96500E36DCE /* UIKitUITextView.swift in Sources */ = {isa = PBXBuildFile; fileRef = 5DC8527624EFE96500E36DCE /* UIKitUITextView.swift */; };
		5DC8527924EFED2300E36DCE /* KeyboardAwareViewModifiers.swift in Sources */ = {isa = PBXBuildFile; fileRef = 5DC8527824EFED2300E36DCE /* KeyboardAwareViewModifiers.swift */; };
		5DC8527B24EFF83E00E36DCE /* FadeKeyboard.swift in Sources */ = {isa = PBXBuildFile; fileRef = 5DC8527A24EFF83E00E36DCE /* FadeKeyboard.swift */; };
		5DD2962D250E5EC000982587 /* EditingVideoViewModel.swift in Sources */ = {isa = PBXBuildFile; fileRef = 5DD2962C250E5EC000982587 /* EditingVideoViewModel.swift */; };
		5DD2962F250E5FD600982587 /* EditCaptureVideoView.swift in Sources */ = {isa = PBXBuildFile; fileRef = 5DD2962E250E5FD600982587 /* EditCaptureVideoView.swift */; };
		5DD29631250E648200982587 /* UIKitAVPlayerView.swift in Sources */ = {isa = PBXBuildFile; fileRef = 5DD29630250E648200982587 /* UIKitAVPlayerView.swift */; };
		5DD5E1142517B29600EA17CC /* Loader.swift in Sources */ = {isa = PBXBuildFile; fileRef = 5DD5E1132517B29600EA17CC /* Loader.swift */; };
		5DD88BC4251F4DD100EA99A1 /* PopUpWarningView.swift in Sources */ = {isa = PBXBuildFile; fileRef = 5DD88BC3251F4DD100EA99A1 /* PopUpWarningView.swift */; };
		5DE4A3CA24FC082A00262A95 /* ReadMe.md in Resources */ = {isa = PBXBuildFile; fileRef = 5DE4A3C924FC082A00262A95 /* ReadMe.md */; };
		5DE94F9624F5B185005F0A04 /* View+Extensions.swift in Sources */ = {isa = PBXBuildFile; fileRef = 5DE94F9524F5B185005F0A04 /* View+Extensions.swift */; };
		5DE94F9824F5B392005F0A04 /* MoreSettingsViewModel.swift in Sources */ = {isa = PBXBuildFile; fileRef = 5DE94F9724F5B392005F0A04 /* MoreSettingsViewModel.swift */; };
		5DEA78DE25168BB50041D7AF /* AnalyticsService.swift in Sources */ = {isa = PBXBuildFile; fileRef = 5DEA78DD25168BB50041D7AF /* AnalyticsService.swift */; };
		5DF22C25253EC78D00DB0634 /* TermsAndConditionsView.swift in Sources */ = {isa = PBXBuildFile; fileRef = 5DF22C24253EC78D00DB0634 /* TermsAndConditionsView.swift */; };
		5DFB568B254991B7008DEBEC /* CameraFeedOnboardingView.swift in Sources */ = {isa = PBXBuildFile; fileRef = 5DFB568A254991B7008DEBEC /* CameraFeedOnboardingView.swift */; };
		8B2813A09E29DD2A7F2CBF99 /* Pods_pinit.framework in Frameworks */ = {isa = PBXBuildFile; fileRef = 318E6C59873C63300C098297 /* Pods_pinit.framework */; };
		8EBDEFB41746196A0D37916B /* Pods_pinit_pinitUITests.framework in Frameworks */ = {isa = PBXBuildFile; fileRef = 9BC157B5C6AE3C2CD00E35AB /* Pods_pinit_pinitUITests.framework */; };
/* End PBXBuildFile section */

/* Begin PBXContainerItemProxy section */
		5D67E80224E84E7000F5D240 /* PBXContainerItemProxy */ = {
			isa = PBXContainerItemProxy;
			containerPortal = 5D67E7E324E84E6C00F5D240 /* Project object */;
			proxyType = 1;
			remoteGlobalIDString = 5D67E7EA24E84E6C00F5D240;
			remoteInfo = pinit;
		};
		5D67E80D24E84E7000F5D240 /* PBXContainerItemProxy */ = {
			isa = PBXContainerItemProxy;
			containerPortal = 5D67E7E324E84E6C00F5D240 /* Project object */;
			proxyType = 1;
			remoteGlobalIDString = 5D67E7EA24E84E6C00F5D240;
			remoteInfo = pinit;
		};
/* End PBXContainerItemProxy section */

/* Begin PBXFileReference section */
		1CC15B3AF420FD7BBF521AD8 /* Pods-pinit-pinitUITests.debug.xcconfig */ = {isa = PBXFileReference; includeInIndex = 1; lastKnownFileType = text.xcconfig; name = "Pods-pinit-pinitUITests.debug.xcconfig"; path = "Target Support Files/Pods-pinit-pinitUITests/Pods-pinit-pinitUITests.debug.xcconfig"; sourceTree = "<group>"; };
		219D9227D06B7B43F2DA3DEE /* Pods_pinitTests.framework */ = {isa = PBXFileReference; explicitFileType = wrapper.framework; includeInIndex = 0; path = Pods_pinitTests.framework; sourceTree = BUILT_PRODUCTS_DIR; };
		318E6C59873C63300C098297 /* Pods_pinit.framework */ = {isa = PBXFileReference; explicitFileType = wrapper.framework; includeInIndex = 0; path = Pods_pinit.framework; sourceTree = BUILT_PRODUCTS_DIR; };
		3E8D19A439A1ECBDE7FAF4FD /* Pods-pinitTests.release.xcconfig */ = {isa = PBXFileReference; includeInIndex = 1; lastKnownFileType = text.xcconfig; name = "Pods-pinitTests.release.xcconfig"; path = "Target Support Files/Pods-pinitTests/Pods-pinitTests.release.xcconfig"; sourceTree = "<group>"; };
		567FEBC64D5CDDC0984DBDF3 /* Pods-pinit-pinitUITests.release.xcconfig */ = {isa = PBXFileReference; includeInIndex = 1; lastKnownFileType = text.xcconfig; name = "Pods-pinit-pinitUITests.release.xcconfig"; path = "Target Support Files/Pods-pinit-pinitUITests/Pods-pinit-pinitUITests.release.xcconfig"; sourceTree = "<group>"; };
		59CAA5EB3D5CF0D8F1E4E3E7 /* Pods-pinit.debug.xcconfig */ = {isa = PBXFileReference; includeInIndex = 1; lastKnownFileType = text.xcconfig; name = "Pods-pinit.debug.xcconfig"; path = "Target Support Files/Pods-pinit/Pods-pinit.debug.xcconfig"; sourceTree = "<group>"; };
		5D032FB625400672009D9D67 /* BlockUsersService.swift */ = {isa = PBXFileReference; lastKnownFileType = sourcecode.swift; path = BlockUsersService.swift; sourceTree = "<group>"; };
		5D032FB825400B27009D9D67 /* BlockedUserModel.swift */ = {isa = PBXFileReference; lastKnownFileType = sourcecode.swift; path = BlockedUserModel.swift; sourceTree = "<group>"; };
		5D032FBA25401505009D9D67 /* OtherUserModel.swift */ = {isa = PBXFileReference; lastKnownFileType = sourcecode.swift; path = OtherUserModel.swift; sourceTree = "<group>"; };
		5D032FBC25401582009D9D67 /* BlockUserView.swift */ = {isa = PBXFileReference; lastKnownFileType = sourcecode.swift; path = BlockUserView.swift; sourceTree = "<group>"; };
		5D032FBE254016AB009D9D67 /* BlockUserViewModel.swift */ = {isa = PBXFileReference; lastKnownFileType = sourcecode.swift; path = BlockUserViewModel.swift; sourceTree = "<group>"; };
		5D032FC025403E69009D9D67 /* RequestBlockUserModel.swift */ = {isa = PBXFileReference; lastKnownFileType = sourcecode.swift; path = RequestBlockUserModel.swift; sourceTree = "<group>"; };
		5D18494C250987DA0035021F /* EstimatedUserLocationService.swift */ = {isa = PBXFileReference; lastKnownFileType = sourcecode.swift; path = EstimatedUserLocationService.swift; sourceTree = "<group>"; };
		5D1CF0A72500095B00DD4E90 /* PostDisplayInfoViewModel.swift */ = {isa = PBXFileReference; lastKnownFileType = sourcecode.swift; path = PostDisplayInfoViewModel.swift; sourceTree = "<group>"; };
		5D249CEE24FFFA3C00956241 /* PostDisplayInfoModel.swift */ = {isa = PBXFileReference; lastKnownFileType = sourcecode.swift; path = PostDisplayInfoModel.swift; sourceTree = "<group>"; };
		5D2754F9252E572300F5F2AA /* FeedbackModel.swift */ = {isa = PBXFileReference; lastKnownFileType = sourcecode.swift; path = FeedbackModel.swift; sourceTree = "<group>"; };
		5D2754FB252E585700F5F2AA /* AdditionalDataService.swift */ = {isa = PBXFileReference; lastKnownFileType = sourcecode.swift; path = AdditionalDataService.swift; sourceTree = "<group>"; };
		5D2754FD252E5A3200F5F2AA /* RequestFeedbackModel.swift */ = {isa = PBXFileReference; lastKnownFileType = sourcecode.swift; path = RequestFeedbackModel.swift; sourceTree = "<group>"; };
		5D2754FF252E633800F5F2AA /* RequestReportUserModel.swift */ = {isa = PBXFileReference; lastKnownFileType = sourcecode.swift; path = RequestReportUserModel.swift; sourceTree = "<group>"; };
		5D275501252E635600F5F2AA /* ReportUserModel.swift */ = {isa = PBXFileReference; lastKnownFileType = sourcecode.swift; path = ReportUserModel.swift; sourceTree = "<group>"; };
		5D275503252E64CD00F5F2AA /* FeedbackView.swift */ = {isa = PBXFileReference; lastKnownFileType = sourcecode.swift; path = FeedbackView.swift; sourceTree = "<group>"; };
		5D275505252E753F00F5F2AA /* ReportUserView.swift */ = {isa = PBXFileReference; lastKnownFileType = sourcecode.swift; path = ReportUserView.swift; sourceTree = "<group>"; };
		5D297D4025236574008E9FF5 /* UIKitSafariWebView.swift */ = {isa = PBXFileReference; lastKnownFileType = sourcecode.swift; path = UIKitSafariWebView.swift; sourceTree = "<group>"; };
		5D297D4425238316008E9FF5 /* UserActiveDataModel.swift */ = {isa = PBXFileReference; lastKnownFileType = sourcecode.swift; path = UserActiveDataModel.swift; sourceTree = "<group>"; };
		5D2C93C825455CDD00C97FDA /* MainOnboardingView.swift */ = {isa = PBXFileReference; lastKnownFileType = sourcecode.swift; path = MainOnboardingView.swift; sourceTree = "<group>"; };
		5D2C93CC2545687300C97FDA /* MainArViewIconsView.swift */ = {isa = PBXFileReference; lastKnownFileType = sourcecode.swift; path = MainArViewIconsView.swift; sourceTree = "<group>"; };
		5D2C93CE2545696D00C97FDA /* MainArViewIndicatorsView.swift */ = {isa = PBXFileReference; lastKnownFileType = sourcecode.swift; path = MainArViewIndicatorsView.swift; sourceTree = "<group>"; };
		5D2C93D02545846B00C97FDA /* OnboardingViewModel.swift */ = {isa = PBXFileReference; lastKnownFileType = sourcecode.swift; path = OnboardingViewModel.swift; sourceTree = "<group>"; };
		5D2ED1F724FD0D3C00C542B0 /* TextViewModifiers.swift */ = {isa = PBXFileReference; lastKnownFileType = sourcecode.swift; path = TextViewModifiers.swift; sourceTree = "<group>"; };
		5D2ED1F924FD1B5F00C542B0 /* CustomTextFieldView.swift */ = {isa = PBXFileReference; lastKnownFileType = sourcecode.swift; path = CustomTextFieldView.swift; sourceTree = "<group>"; };
		5D31948524F00ECF001182E4 /* SafeTopEdgeViewModifier.swift */ = {isa = PBXFileReference; lastKnownFileType = sourcecode.swift; path = SafeTopEdgeViewModifier.swift; sourceTree = "<group>"; };
		5D31948724F0195F001182E4 /* RequestCreatePostWithImageModel.swift */ = {isa = PBXFileReference; lastKnownFileType = sourcecode.swift; path = RequestCreatePostWithImageModel.swift; sourceTree = "<group>"; };
		5D35B3B32521290A0050EDF9 /* CirclesScaleLoader.swift */ = {isa = PBXFileReference; lastKnownFileType = sourcecode.swift; path = CirclesScaleLoader.swift; sourceTree = "<group>"; };
		5D4DD09E24ED2A1200E1FDF3 /* CaptureImageView.swift */ = {isa = PBXFileReference; lastKnownFileType = sourcecode.swift; path = CaptureImageView.swift; sourceTree = "<group>"; };
		5D4DD0A124ED34B300E1FDF3 /* PathDrawing.swift */ = {isa = PBXFileReference; lastKnownFileType = sourcecode.swift; path = PathDrawing.swift; sourceTree = "<group>"; };
		5D4DD0A324ED353B00E1FDF3 /* ImagePaintingModel.swift */ = {isa = PBXFileReference; lastKnownFileType = sourcecode.swift; path = ImagePaintingModel.swift; sourceTree = "<group>"; };
		5D4DD0A924ED425700E1FDF3 /* EditCaptureImageView.swift */ = {isa = PBXFileReference; lastKnownFileType = sourcecode.swift; path = EditCaptureImageView.swift; sourceTree = "<group>"; };
		5D5245FC24F4555E0000317D /* SetupProfileViewModel.swift */ = {isa = PBXFileReference; lastKnownFileType = sourcecode.swift; path = SetupProfileViewModel.swift; sourceTree = "<group>"; };
		5D52F7A624E917D400D9F27E /* MainArView.swift */ = {isa = PBXFileReference; lastKnownFileType = sourcecode.swift; path = MainArView.swift; sourceTree = "<group>"; };
		5D52F7A824E91AE700D9F27E /* AuthenticationService.swift */ = {isa = PBXFileReference; lastKnownFileType = sourcecode.swift; path = AuthenticationService.swift; sourceTree = "<group>"; };
		5D52F7AA24E91DEA00D9F27E /* Notification+Extensions.swift */ = {isa = PBXFileReference; lastKnownFileType = sourcecode.swift; path = "Notification+Extensions.swift"; sourceTree = "<group>"; };
		5D52F7AC24E91EF200D9F27E /* SettingsViewModel.swift */ = {isa = PBXFileReference; lastKnownFileType = sourcecode.swift; path = SettingsViewModel.swift; sourceTree = "<group>"; };
		5D52F7AE24E9251800D9F27E /* ScreenManagementService.swift */ = {isa = PBXFileReference; lastKnownFileType = sourcecode.swift; path = ScreenManagementService.swift; sourceTree = "<group>"; };
		5D52F7B224E9257D00D9F27E /* UserProfileService.swift */ = {isa = PBXFileReference; lastKnownFileType = sourcecode.swift; path = UserProfileService.swift; sourceTree = "<group>"; };
		5D52F7B424E9288200D9F27E /* Publishers+Extensions.swift */ = {isa = PBXFileReference; lastKnownFileType = sourcecode.swift; path = "Publishers+Extensions.swift"; sourceTree = "<group>"; };
		5D52F7B624E93A5200D9F27E /* ProfileModel.swift */ = {isa = PBXFileReference; lastKnownFileType = sourcecode.swift; path = ProfileModel.swift; sourceTree = "<group>"; };
		5D52F7B824E93AAA00D9F27E /* PostModel.swift */ = {isa = PBXFileReference; lastKnownFileType = sourcecode.swift; path = PostModel.swift; sourceTree = "<group>"; };
		5D52F7BC24E951AD00D9F27E /* Color+Extensions.swift */ = {isa = PBXFileReference; lastKnownFileType = sourcecode.swift; path = "Color+Extensions.swift"; sourceTree = "<group>"; };
		5D52F7BE24E952FE00D9F27E /* ProfileView.swift */ = {isa = PBXFileReference; lastKnownFileType = sourcecode.swift; path = ProfileView.swift; sourceTree = "<group>"; };
		5D52F7C024E9548D00D9F27E /* EditUsernameView.swift */ = {isa = PBXFileReference; lastKnownFileType = sourcecode.swift; path = EditUsernameView.swift; sourceTree = "<group>"; };
		5D52F7C924E96E5900D9F27E /* pinit.entitlements */ = {isa = PBXFileReference; lastKnownFileType = text.plist.entitlements; path = pinit.entitlements; sourceTree = "<group>"; };
		5D52F7CA24E96E8F00D9F27E /* LoginView.swift */ = {isa = PBXFileReference; lastKnownFileType = sourcecode.swift; path = LoginView.swift; sourceTree = "<group>"; };
		5D52F7CE24E974D600D9F27E /* UIKItSignInWithApple.swift */ = {isa = PBXFileReference; lastKnownFileType = sourcecode.swift; path = UIKItSignInWithApple.swift; sourceTree = "<group>"; };
		5D52F7D124E98E0F00D9F27E /* GeohashingService.swift */ = {isa = PBXFileReference; lastKnownFileType = sourcecode.swift; path = GeohashingService.swift; sourceTree = "<group>"; };
		5D52F7D524E98F2F00D9F27E /* UploadPostService.swift */ = {isa = PBXFileReference; lastKnownFileType = sourcecode.swift; path = UploadPostService.swift; sourceTree = "<group>"; };
		5D52F7D724E98F5900D9F27E /* RetrievePostService.swift */ = {isa = PBXFileReference; lastKnownFileType = sourcecode.swift; path = RetrievePostService.swift; sourceTree = "<group>"; };
		5D52F7D924E9932600D9F27E /* LocationService.swift */ = {isa = PBXFileReference; lastKnownFileType = sourcecode.swift; path = LocationService.swift; sourceTree = "<group>"; };
		5D52F7DE24E9952800D9F27E /* CLLocation+Extensions.swift */ = {isa = PBXFileReference; lastKnownFileType = sourcecode.swift; path = "CLLocation+Extensions.swift"; sourceTree = "<group>"; };
		5D52F7E024E9A1B600D9F27E /* UIKitArSceneView.swift */ = {isa = PBXFileReference; lastKnownFileType = sourcecode.swift; path = UIKitArSceneView.swift; sourceTree = "<group>"; };
		5D52F7E224EA755C00D9F27E /* GeohashModel.swift */ = {isa = PBXFileReference; lastKnownFileType = sourcecode.swift; path = GeohashModel.swift; sourceTree = "<group>"; };
		5D55FA492546D212000A9DB3 /* OnboardingSCNNode.swift */ = {isa = PBXFileReference; lastKnownFileType = sourcecode.swift; path = OnboardingSCNNode.swift; sourceTree = "<group>"; };
		5D55FA4B2546D490000A9DB3 /* OnboardingNodeModel.swift */ = {isa = PBXFileReference; lastKnownFileType = sourcecode.swift; path = OnboardingNodeModel.swift; sourceTree = "<group>"; };
		5D564F3F24F2829300962CEF /* IconViewModifiers.swift */ = {isa = PBXFileReference; lastKnownFileType = sourcecode.swift; path = IconViewModifiers.swift; sourceTree = "<group>"; };
		5D564F4124F2972400962CEF /* SliderMenuView.swift */ = {isa = PBXFileReference; lastKnownFileType = sourcecode.swift; path = SliderMenuView.swift; sourceTree = "<group>"; };
		5D567CF224F3E57300283E5B /* Avenir.ttc */ = {isa = PBXFileReference; lastKnownFileType = file; path = Avenir.ttc; sourceTree = "<group>"; };
		5D567CF624F428E400283E5B /* SetupProfileView.swift */ = {isa = PBXFileReference; lastKnownFileType = sourcecode.swift; path = SetupProfileView.swift; sourceTree = "<group>"; };
		5D567CF824F4340F00283E5B /* SoftEdgeButton.swift */ = {isa = PBXFileReference; lastKnownFileType = sourcecode.swift; path = SoftEdgeButton.swift; sourceTree = "<group>"; };
		5D567CFA24F43BB500283E5B /* CustomButtonStyles.swift */ = {isa = PBXFileReference; lastKnownFileType = sourcecode.swift; path = CustomButtonStyles.swift; sourceTree = "<group>"; };
		5D576A3724F1A465004A004C /* EmailAuthenticationView.swift */ = {isa = PBXFileReference; lastKnownFileType = sourcecode.swift; path = EmailAuthenticationView.swift; sourceTree = "<group>"; };
		5D5F3240254A16A300901B9F /* LiveFeedModifiers.swift */ = {isa = PBXFileReference; lastKnownFileType = sourcecode.swift; path = LiveFeedModifiers.swift; sourceTree = "<group>"; };
		5D67E7EB24E84E6C00F5D240 /* FinchIt.app */ = {isa = PBXFileReference; explicitFileType = wrapper.application; includeInIndex = 0; path = FinchIt.app; sourceTree = BUILT_PRODUCTS_DIR; };
		5D67E7EE24E84E6C00F5D240 /* AppDelegate.swift */ = {isa = PBXFileReference; lastKnownFileType = sourcecode.swift; path = AppDelegate.swift; sourceTree = "<group>"; };
		5D67E7F024E84E6C00F5D240 /* SceneDelegate.swift */ = {isa = PBXFileReference; lastKnownFileType = sourcecode.swift; path = SceneDelegate.swift; sourceTree = "<group>"; };
		5D67E7F424E84E7000F5D240 /* Assets.xcassets */ = {isa = PBXFileReference; lastKnownFileType = folder.assetcatalog; path = Assets.xcassets; sourceTree = "<group>"; };
		5D67E7F724E84E7000F5D240 /* Preview Assets.xcassets */ = {isa = PBXFileReference; lastKnownFileType = folder.assetcatalog; path = "Preview Assets.xcassets"; sourceTree = "<group>"; };
		5D67E7FA24E84E7000F5D240 /* Base */ = {isa = PBXFileReference; lastKnownFileType = file.storyboard; name = Base; path = Base.lproj/LaunchScreen.storyboard; sourceTree = "<group>"; };
		5D67E7FC24E84E7000F5D240 /* Info.plist */ = {isa = PBXFileReference; lastKnownFileType = text.plist.xml; path = Info.plist; sourceTree = "<group>"; };
		5D67E80124E84E7000F5D240 /* pinitTests.xctest */ = {isa = PBXFileReference; explicitFileType = wrapper.cfbundle; includeInIndex = 0; path = pinitTests.xctest; sourceTree = BUILT_PRODUCTS_DIR; };
		5D67E80524E84E7000F5D240 /* pinitTests.swift */ = {isa = PBXFileReference; lastKnownFileType = sourcecode.swift; path = pinitTests.swift; sourceTree = "<group>"; };
		5D67E80724E84E7000F5D240 /* Info.plist */ = {isa = PBXFileReference; lastKnownFileType = text.plist.xml; path = Info.plist; sourceTree = "<group>"; };
		5D67E80C24E84E7000F5D240 /* pinitUITests.xctest */ = {isa = PBXFileReference; explicitFileType = wrapper.cfbundle; includeInIndex = 0; path = pinitUITests.xctest; sourceTree = BUILT_PRODUCTS_DIR; };
		5D67E81024E84E7000F5D240 /* pinitUITests.swift */ = {isa = PBXFileReference; lastKnownFileType = sourcecode.swift; path = pinitUITests.swift; sourceTree = "<group>"; };
		5D67E81224E84E7000F5D240 /* Info.plist */ = {isa = PBXFileReference; lastKnownFileType = text.plist.xml; path = Info.plist; sourceTree = "<group>"; };
		5D6B1F7E24FEE7B800DCC418 /* CameraFeedController.swift */ = {isa = PBXFileReference; lastKnownFileType = sourcecode.swift; path = CameraFeedController.swift; sourceTree = "<group>"; };
		5D6B1F8024FEF85D00DCC418 /* CameraFeedViewController.swift */ = {isa = PBXFileReference; lastKnownFileType = sourcecode.swift; path = CameraFeedViewController.swift; sourceTree = "<group>"; };
		5D7E39C425059CA800C6E0AB /* OptimisticUIPostModel.swift */ = {isa = PBXFileReference; lastKnownFileType = sourcecode.swift; path = OptimisticUIPostModel.swift; sourceTree = "<group>"; };
		5D7ECA54254B25C100195079 /* ThrillingMoment.mp4 */ = {isa = PBXFileReference; lastKnownFileType = file; path = ThrillingMoment.mp4; sourceTree = "<group>"; };
		5D7ECA56254B5B3900195079 /* FunMoment.mp4 */ = {isa = PBXFileReference; lastKnownFileType = file; path = FunMoment.mp4; sourceTree = "<group>"; };
		5D86652B25138EC800049980 /* CameraFeedView.swift */ = {isa = PBXFileReference; lastKnownFileType = sourcecode.swift; path = CameraFeedView.swift; sourceTree = "<group>"; };
		5D86EEE225266ACA00180155 /* GoogleService-Info.plist */ = {isa = PBXFileReference; lastKnownFileType = text.plist.xml; path = "GoogleService-Info.plist"; sourceTree = "<group>"; };
		5D86EEE325266AE100180155 /* GoogleService-Info.plist */ = {isa = PBXFileReference; lastKnownFileType = text.plist.xml; path = "GoogleService-Info.plist"; sourceTree = "<group>"; };
		5D9F13AA24F540FE00A8BC67 /* RequestSetupUserProfileModel.swift */ = {isa = PBXFileReference; lastKnownFileType = sourcecode.swift; path = RequestSetupUserProfileModel.swift; sourceTree = "<group>"; };
		5DADAC9C251E01EA002C2571 /* PulseLoader.swift */ = {isa = PBXFileReference; lastKnownFileType = sourcecode.swift; path = PulseLoader.swift; sourceTree = "<group>"; };
		5DAE4135250A7EB50017A598 /* GroupSCNNode.swift */ = {isa = PBXFileReference; lastKnownFileType = sourcecode.swift; path = GroupSCNNode.swift; sourceTree = "<group>"; };
		5DAE4137250C18820017A598 /* PostDisplayNodeModel.swift */ = {isa = PBXFileReference; lastKnownFileType = sourcecode.swift; path = PostDisplayNodeModel.swift; sourceTree = "<group>"; };
		5DC2859824ED029F00830887 /* AppArScnView.swift */ = {isa = PBXFileReference; lastKnownFileType = sourcecode.swift; path = AppArScnView.swift; sourceTree = "<group>"; };
		5DC2859C24ED0F3400830887 /* EditingViewModel.swift */ = {isa = PBXFileReference; lastKnownFileType = sourcecode.swift; path = EditingViewModel.swift; sourceTree = "<group>"; };
		5DC5304F250E845C002FCD76 /* RequestCreatePostWithVideoModel.swift */ = {isa = PBXFileReference; lastKnownFileType = sourcecode.swift; path = RequestCreatePostWithVideoModel.swift; sourceTree = "<group>"; };
		5DC8527024EFC87B00E36DCE /* ViewRectViewModifier.swift */ = {isa = PBXFileReference; lastKnownFileType = sourcecode.swift; path = ViewRectViewModifier.swift; sourceTree = "<group>"; };
		5DC8527224EFD9DC00E36DCE /* EnvironmentValues+Extensions.swift */ = {isa = PBXFileReference; lastKnownFileType = sourcecode.swift; path = "EnvironmentValues+Extensions.swift"; sourceTree = "<group>"; };
		5DC8527424EFDDC500E36DCE /* UIView+Extensions.swift */ = {isa = PBXFileReference; lastKnownFileType = sourcecode.swift; path = "UIView+Extensions.swift"; sourceTree = "<group>"; };
		5DC8527624EFE96500E36DCE /* UIKitUITextView.swift */ = {isa = PBXFileReference; lastKnownFileType = sourcecode.swift; path = UIKitUITextView.swift; sourceTree = "<group>"; };
		5DC8527824EFED2300E36DCE /* KeyboardAwareViewModifiers.swift */ = {isa = PBXFileReference; lastKnownFileType = sourcecode.swift; path = KeyboardAwareViewModifiers.swift; sourceTree = "<group>"; };
		5DC8527A24EFF83E00E36DCE /* FadeKeyboard.swift */ = {isa = PBXFileReference; lastKnownFileType = sourcecode.swift; path = FadeKeyboard.swift; sourceTree = "<group>"; };
		5DD2962C250E5EC000982587 /* EditingVideoViewModel.swift */ = {isa = PBXFileReference; lastKnownFileType = sourcecode.swift; path = EditingVideoViewModel.swift; sourceTree = "<group>"; };
		5DD2962E250E5FD600982587 /* EditCaptureVideoView.swift */ = {isa = PBXFileReference; lastKnownFileType = sourcecode.swift; path = EditCaptureVideoView.swift; sourceTree = "<group>"; };
		5DD29630250E648200982587 /* UIKitAVPlayerView.swift */ = {isa = PBXFileReference; lastKnownFileType = sourcecode.swift; path = UIKitAVPlayerView.swift; sourceTree = "<group>"; };
		5DD5E1132517B29600EA17CC /* Loader.swift */ = {isa = PBXFileReference; lastKnownFileType = sourcecode.swift; path = Loader.swift; sourceTree = "<group>"; };
		5DD88BC3251F4DD100EA99A1 /* PopUpWarningView.swift */ = {isa = PBXFileReference; lastKnownFileType = sourcecode.swift; path = PopUpWarningView.swift; sourceTree = "<group>"; };
		5DE4A3C924FC082A00262A95 /* ReadMe.md */ = {isa = PBXFileReference; lastKnownFileType = net.daringfireball.markdown; path = ReadMe.md; sourceTree = "<group>"; };
		5DE94F9524F5B185005F0A04 /* View+Extensions.swift */ = {isa = PBXFileReference; lastKnownFileType = sourcecode.swift; path = "View+Extensions.swift"; sourceTree = "<group>"; };
		5DE94F9724F5B392005F0A04 /* MoreSettingsViewModel.swift */ = {isa = PBXFileReference; lastKnownFileType = sourcecode.swift; path = MoreSettingsViewModel.swift; sourceTree = "<group>"; };
		5DEA78DD25168BB50041D7AF /* AnalyticsService.swift */ = {isa = PBXFileReference; lastKnownFileType = sourcecode.swift; path = AnalyticsService.swift; sourceTree = "<group>"; };
		5DF22C24253EC78D00DB0634 /* TermsAndConditionsView.swift */ = {isa = PBXFileReference; lastKnownFileType = sourcecode.swift; path = TermsAndConditionsView.swift; sourceTree = "<group>"; };
		5DFB568A254991B7008DEBEC /* CameraFeedOnboardingView.swift */ = {isa = PBXFileReference; lastKnownFileType = sourcecode.swift; path = CameraFeedOnboardingView.swift; sourceTree = "<group>"; };
		9BC157B5C6AE3C2CD00E35AB /* Pods_pinit_pinitUITests.framework */ = {isa = PBXFileReference; explicitFileType = wrapper.framework; includeInIndex = 0; path = Pods_pinit_pinitUITests.framework; sourceTree = BUILT_PRODUCTS_DIR; };
		B61EBD27B9D749860513D9D2 /* Pods-pinitTests.debug.xcconfig */ = {isa = PBXFileReference; includeInIndex = 1; lastKnownFileType = text.xcconfig; name = "Pods-pinitTests.debug.xcconfig"; path = "Target Support Files/Pods-pinitTests/Pods-pinitTests.debug.xcconfig"; sourceTree = "<group>"; };
		D95108D2E4FCA5D767CFA1BA /* Pods-pinit.release.xcconfig */ = {isa = PBXFileReference; includeInIndex = 1; lastKnownFileType = text.xcconfig; name = "Pods-pinit.release.xcconfig"; path = "Target Support Files/Pods-pinit/Pods-pinit.release.xcconfig"; sourceTree = "<group>"; };
/* End PBXFileReference section */

/* Begin PBXFrameworksBuildPhase section */
		5D67E7E824E84E6C00F5D240 /* Frameworks */ = {
			isa = PBXFrameworksBuildPhase;
			buildActionMask = 2147483647;
			files = (
				8B2813A09E29DD2A7F2CBF99 /* Pods_pinit.framework in Frameworks */,
			);
			runOnlyForDeploymentPostprocessing = 0;
		};
		5D67E7FE24E84E7000F5D240 /* Frameworks */ = {
			isa = PBXFrameworksBuildPhase;
			buildActionMask = 2147483647;
			files = (
				46A295004F91CFF8DDABD91B /* Pods_pinitTests.framework in Frameworks */,
			);
			runOnlyForDeploymentPostprocessing = 0;
		};
		5D67E80924E84E7000F5D240 /* Frameworks */ = {
			isa = PBXFrameworksBuildPhase;
			buildActionMask = 2147483647;
			files = (
				8EBDEFB41746196A0D37916B /* Pods_pinit_pinitUITests.framework in Frameworks */,
			);
			runOnlyForDeploymentPostprocessing = 0;
		};
/* End PBXFrameworksBuildPhase section */

/* Begin PBXGroup section */
		5D4DD0A024ED349A00E1FDF3 /* Components */ = {
			isa = PBXGroup;
			children = (
				5D4DD0A124ED34B300E1FDF3 /* PathDrawing.swift */,
				5DC8527A24EFF83E00E36DCE /* FadeKeyboard.swift */,
				5D564F4124F2972400962CEF /* SliderMenuView.swift */,
				5D567CF824F4340F00283E5B /* SoftEdgeButton.swift */,
				5D2ED1F924FD1B5F00C542B0 /* CustomTextFieldView.swift */,
				5DD5E1132517B29600EA17CC /* Loader.swift */,
				5DADAC9C251E01EA002C2571 /* PulseLoader.swift */,
				5D35B3B32521290A0050EDF9 /* CirclesScaleLoader.swift */,
			);
			path = Components;
			sourceTree = "<group>";
		};
		5D52F79F24E90D4300D9F27E /* Extensions */ = {
			isa = PBXGroup;
			children = (
				5D52F7AA24E91DEA00D9F27E /* Notification+Extensions.swift */,
				5D52F7B424E9288200D9F27E /* Publishers+Extensions.swift */,
				5D52F7BC24E951AD00D9F27E /* Color+Extensions.swift */,
				5D52F7DE24E9952800D9F27E /* CLLocation+Extensions.swift */,
				5DC8527224EFD9DC00E36DCE /* EnvironmentValues+Extensions.swift */,
				5DC8527424EFDDC500E36DCE /* UIView+Extensions.swift */,
				5DE94F9524F5B185005F0A04 /* View+Extensions.swift */,
			);
			path = Extensions;
			sourceTree = "<group>";
		};
		5D52F7A024E90D4F00D9F27E /* ViewModels */ = {
			isa = PBXGroup;
			children = (
				5D52F7AC24E91EF200D9F27E /* SettingsViewModel.swift */,
				5DC2859C24ED0F3400830887 /* EditingViewModel.swift */,
				5D5245FC24F4555E0000317D /* SetupProfileViewModel.swift */,
				5D1CF0A72500095B00DD4E90 /* PostDisplayInfoViewModel.swift */,
				5DD2962C250E5EC000982587 /* EditingVideoViewModel.swift */,
				5D032FBE254016AB009D9D67 /* BlockUserViewModel.swift */,
				5D2C93D02545846B00C97FDA /* OnboardingViewModel.swift */,
			);
			path = ViewModels;
			sourceTree = "<group>";
		};
		5D52F7A124E90D5600D9F27E /* Services */ = {
			isa = PBXGroup;
			children = (
				5D52F7A824E91AE700D9F27E /* AuthenticationService.swift */,
				5D52F7AE24E9251800D9F27E /* ScreenManagementService.swift */,
				5D52F7B224E9257D00D9F27E /* UserProfileService.swift */,
				5D52F7D124E98E0F00D9F27E /* GeohashingService.swift */,
				5D52F7D524E98F2F00D9F27E /* UploadPostService.swift */,
				5D52F7D724E98F5900D9F27E /* RetrievePostService.swift */,
				5D52F7D924E9932600D9F27E /* LocationService.swift */,
				5D18494C250987DA0035021F /* EstimatedUserLocationService.swift */,
				5DEA78DD25168BB50041D7AF /* AnalyticsService.swift */,
				5D2754FB252E585700F5F2AA /* AdditionalDataService.swift */,
				5D032FB625400672009D9D67 /* BlockUsersService.swift */,
			);
			path = Services;
			sourceTree = "<group>";
		};
		5D52F7A224E90D6000D9F27E /* Models */ = {
			isa = PBXGroup;
			children = (
				5D52F7B624E93A5200D9F27E /* ProfileModel.swift */,
				5D52F7B824E93AAA00D9F27E /* PostModel.swift */,
				5D52F7E224EA755C00D9F27E /* GeohashModel.swift */,
				5D4DD0A324ED353B00E1FDF3 /* ImagePaintingModel.swift */,
				5D31948724F0195F001182E4 /* RequestCreatePostWithImageModel.swift */,
				5D9F13AA24F540FE00A8BC67 /* RequestSetupUserProfileModel.swift */,
				5D249CEE24FFFA3C00956241 /* PostDisplayInfoModel.swift */,
				5D7E39C425059CA800C6E0AB /* OptimisticUIPostModel.swift */,
				5DAE4137250C18820017A598 /* PostDisplayNodeModel.swift */,
				5DC5304F250E845C002FCD76 /* RequestCreatePostWithVideoModel.swift */,
				5D297D4425238316008E9FF5 /* UserActiveDataModel.swift */,
				5D2754F9252E572300F5F2AA /* FeedbackModel.swift */,
				5D2754FD252E5A3200F5F2AA /* RequestFeedbackModel.swift */,
				5D2754FF252E633800F5F2AA /* RequestReportUserModel.swift */,
				5D275501252E635600F5F2AA /* ReportUserModel.swift */,
				5D032FB825400B27009D9D67 /* BlockedUserModel.swift */,
				5D032FBA25401505009D9D67 /* OtherUserModel.swift */,
				5D032FC025403E69009D9D67 /* RequestBlockUserModel.swift */,
				5D55FA4B2546D490000A9DB3 /* OnboardingNodeModel.swift */,
			);
			path = Models;
			sourceTree = "<group>";
		};
		5D52F7A324E90D6500D9F27E /* Views */ = {
			isa = PBXGroup;
			children = (
				5DC8526F24EFC82B00E36DCE /* Modifiers */,
				5D4DD0A024ED349A00E1FDF3 /* Components */,
				5D52F7A624E917D400D9F27E /* MainArView.swift */,
				5D52F7BE24E952FE00D9F27E /* ProfileView.swift */,
				5D52F7C024E9548D00D9F27E /* EditUsernameView.swift */,
				5D52F7CA24E96E8F00D9F27E /* LoginView.swift */,
				5DC2859824ED029F00830887 /* AppArScnView.swift */,
				5D4DD09E24ED2A1200E1FDF3 /* CaptureImageView.swift */,
				5D4DD0A924ED425700E1FDF3 /* EditCaptureImageView.swift */,
				5D576A3724F1A465004A004C /* EmailAuthenticationView.swift */,
				5D567CF624F428E400283E5B /* SetupProfileView.swift */,
				5DE94F9724F5B392005F0A04 /* MoreSettingsViewModel.swift */,
				5DD2962E250E5FD600982587 /* EditCaptureVideoView.swift */,
				5D86652B25138EC800049980 /* CameraFeedView.swift */,
				5DD88BC3251F4DD100EA99A1 /* PopUpWarningView.swift */,
				5D275503252E64CD00F5F2AA /* FeedbackView.swift */,
				5D275505252E753F00F5F2AA /* ReportUserView.swift */,
				5DF22C24253EC78D00DB0634 /* TermsAndConditionsView.swift */,
				5D032FBC25401582009D9D67 /* BlockUserView.swift */,
				5D2C93C825455CDD00C97FDA /* MainOnboardingView.swift */,
				5D2C93CC2545687300C97FDA /* MainArViewIconsView.swift */,
				5D2C93CE2545696D00C97FDA /* MainArViewIndicatorsView.swift */,
				5DFB568A254991B7008DEBEC /* CameraFeedOnboardingView.swift */,
			);
			path = Views;
			sourceTree = "<group>";
		};
		5D52F7C424E958BE00D9F27E /* UIKitComponents */ = {
			isa = PBXGroup;
			children = (
				5D6B1F7D24FEE79400DCC418 /* Controllers */,
				5D52F7CE24E974D600D9F27E /* UIKItSignInWithApple.swift */,
				5D52F7E024E9A1B600D9F27E /* UIKitArSceneView.swift */,
				5DC8527624EFE96500E36DCE /* UIKitUITextView.swift */,
				5DD29630250E648200982587 /* UIKitAVPlayerView.swift */,
				5D297D4025236574008E9FF5 /* UIKitSafariWebView.swift */,
			);
			path = UIKitComponents;
			sourceTree = "<group>";
		};
		5D52F7DB24E994A400D9F27E /* Nodes */ = {
			isa = PBXGroup;
			children = (
				5DAE4135250A7EB50017A598 /* GroupSCNNode.swift */,
				5D55FA492546D212000A9DB3 /* OnboardingSCNNode.swift */,
			);
			path = Nodes;
			sourceTree = "<group>";
		};
		5D567CF124F3E55B00283E5B /* Fonts */ = {
			isa = PBXGroup;
			children = (
				5D567CF224F3E57300283E5B /* Avenir.ttc */,
			);
			path = Fonts;
			sourceTree = "<group>";
		};
		5D67E7E224E84E6C00F5D240 = {
			isa = PBXGroup;
			children = (
				5D67E7ED24E84E6C00F5D240 /* pinit */,
				5D67E80424E84E7000F5D240 /* pinitTests */,
				5D67E80F24E84E7000F5D240 /* pinitUITests */,
				5D67E7EC24E84E6C00F5D240 /* Products */,
				6163506BD753541FA968A04C /* Pods */,
				C293A3F3F1478140DDE49C13 /* Frameworks */,
			);
			sourceTree = "<group>";
		};
		5D67E7EC24E84E6C00F5D240 /* Products */ = {
			isa = PBXGroup;
			children = (
				5D67E7EB24E84E6C00F5D240 /* FinchIt.app */,
				5D67E80124E84E7000F5D240 /* pinitTests.xctest */,
				5D67E80C24E84E7000F5D240 /* pinitUITests.xctest */,
			);
			name = Products;
			sourceTree = "<group>";
		};
		5D67E7ED24E84E6C00F5D240 /* pinit */ = {
			isa = PBXGroup;
			children = (
				5D7ECA53254B25AE00195079 /* Videos */,
				5DFF62F52522780F0038820A /* Firebase */,
				5D567CF124F3E55B00283E5B /* Fonts */,
				5D52F7DB24E994A400D9F27E /* Nodes */,
				5D52F7C924E96E5900D9F27E /* pinit.entitlements */,
				5D52F7C424E958BE00D9F27E /* UIKitComponents */,
				5D52F7A324E90D6500D9F27E /* Views */,
				5D52F7A224E90D6000D9F27E /* Models */,
				5D52F7A124E90D5600D9F27E /* Services */,
				5D52F7A024E90D4F00D9F27E /* ViewModels */,
				5D52F79F24E90D4300D9F27E /* Extensions */,
				5D67E7EE24E84E6C00F5D240 /* AppDelegate.swift */,
				5D67E7F024E84E6C00F5D240 /* SceneDelegate.swift */,
				5D67E7F424E84E7000F5D240 /* Assets.xcassets */,
				5D67E7F924E84E7000F5D240 /* LaunchScreen.storyboard */,
				5D67E7FC24E84E7000F5D240 /* Info.plist */,
				5D67E7F624E84E7000F5D240 /* Preview Content */,
				5DE4A3C924FC082A00262A95 /* ReadMe.md */,
			);
			path = pinit;
			sourceTree = "<group>";
		};
		5D67E7F624E84E7000F5D240 /* Preview Content */ = {
			isa = PBXGroup;
			children = (
				5D67E7F724E84E7000F5D240 /* Preview Assets.xcassets */,
			);
			path = "Preview Content";
			sourceTree = "<group>";
		};
		5D67E80424E84E7000F5D240 /* pinitTests */ = {
			isa = PBXGroup;
			children = (
				5D67E80524E84E7000F5D240 /* pinitTests.swift */,
				5D67E80724E84E7000F5D240 /* Info.plist */,
			);
			path = pinitTests;
			sourceTree = "<group>";
		};
		5D67E80F24E84E7000F5D240 /* pinitUITests */ = {
			isa = PBXGroup;
			children = (
				5D67E81024E84E7000F5D240 /* pinitUITests.swift */,
				5D67E81224E84E7000F5D240 /* Info.plist */,
			);
			path = pinitUITests;
			sourceTree = "<group>";
		};
		5D6B1F7D24FEE79400DCC418 /* Controllers */ = {
			isa = PBXGroup;
			children = (
				5D6B1F7E24FEE7B800DCC418 /* CameraFeedController.swift */,
				5D6B1F8024FEF85D00DCC418 /* CameraFeedViewController.swift */,
			);
			path = Controllers;
			sourceTree = "<group>";
		};
		5D7ECA53254B25AE00195079 /* Videos */ = {
			isa = PBXGroup;
			children = (
				5D7ECA54254B25C100195079 /* ThrillingMoment.mp4 */,
				5D7ECA56254B5B3900195079 /* FunMoment.mp4 */,
			);
			path = Videos;
			sourceTree = "<group>";
		};
		5DC8526F24EFC82B00E36DCE /* Modifiers */ = {
			isa = PBXGroup;
			children = (
				5DC8527024EFC87B00E36DCE /* ViewRectViewModifier.swift */,
				5DC8527824EFED2300E36DCE /* KeyboardAwareViewModifiers.swift */,
				5D31948524F00ECF001182E4 /* SafeTopEdgeViewModifier.swift */,
				5D564F3F24F2829300962CEF /* IconViewModifiers.swift */,
				5D567CFA24F43BB500283E5B /* CustomButtonStyles.swift */,
				5D2ED1F724FD0D3C00C542B0 /* TextViewModifiers.swift */,
				5D5F3240254A16A300901B9F /* LiveFeedModifiers.swift */,
			);
			path = Modifiers;
			sourceTree = "<group>";
		};
		5DFF62F52522780F0038820A /* Firebase */ = {
			isa = PBXGroup;
			children = (
				5DFF62F7252278200038820A /* Release */,
				5DFF62F6252278180038820A /* Debug */,
			);
			path = Firebase;
			sourceTree = "<group>";
		};
		5DFF62F6252278180038820A /* Debug */ = {
			isa = PBXGroup;
			children = (
				5D86EEE225266ACA00180155 /* GoogleService-Info.plist */,
			);
			path = Debug;
			sourceTree = "<group>";
		};
		5DFF62F7252278200038820A /* Release */ = {
			isa = PBXGroup;
			children = (
				5D86EEE325266AE100180155 /* GoogleService-Info.plist */,
			);
			path = Release;
			sourceTree = "<group>";
		};
		6163506BD753541FA968A04C /* Pods */ = {
			isa = PBXGroup;
			children = (
				59CAA5EB3D5CF0D8F1E4E3E7 /* Pods-pinit.debug.xcconfig */,
				D95108D2E4FCA5D767CFA1BA /* Pods-pinit.release.xcconfig */,
				1CC15B3AF420FD7BBF521AD8 /* Pods-pinit-pinitUITests.debug.xcconfig */,
				567FEBC64D5CDDC0984DBDF3 /* Pods-pinit-pinitUITests.release.xcconfig */,
				B61EBD27B9D749860513D9D2 /* Pods-pinitTests.debug.xcconfig */,
				3E8D19A439A1ECBDE7FAF4FD /* Pods-pinitTests.release.xcconfig */,
			);
			path = Pods;
			sourceTree = "<group>";
		};
		C293A3F3F1478140DDE49C13 /* Frameworks */ = {
			isa = PBXGroup;
			children = (
				318E6C59873C63300C098297 /* Pods_pinit.framework */,
				9BC157B5C6AE3C2CD00E35AB /* Pods_pinit_pinitUITests.framework */,
				219D9227D06B7B43F2DA3DEE /* Pods_pinitTests.framework */,
			);
			name = Frameworks;
			sourceTree = "<group>";
		};
/* End PBXGroup section */

/* Begin PBXNativeTarget section */
		5D67E7EA24E84E6C00F5D240 /* pinit */ = {
			isa = PBXNativeTarget;
			buildConfigurationList = 5D67E81524E84E7000F5D240 /* Build configuration list for PBXNativeTarget "pinit" */;
			buildPhases = (
				15FB515453E8AA293F288CC0 /* [CP] Check Pods Manifest.lock */,
				5D67E7E724E84E6C00F5D240 /* Sources */,
				5D67E7E824E84E6C00F5D240 /* Frameworks */,
				5DFF62FB252279EE0038820A /* Setup firebase plist files */,
				5D67E7E924E84E6C00F5D240 /* Resources */,
				5DEA78DC251673D30041D7AF /* ShellScript */,
				267BA15373B5431EB5D50FB2 /* [CP] Embed Pods Frameworks */,
			);
			buildRules = (
			);
			dependencies = (
			);
			name = pinit;
			productName = pinit;
			productReference = 5D67E7EB24E84E6C00F5D240 /* FinchIt.app */;
			productType = "com.apple.product-type.application";
		};
		5D67E80024E84E7000F5D240 /* pinitTests */ = {
			isa = PBXNativeTarget;
			buildConfigurationList = 5D67E81824E84E7000F5D240 /* Build configuration list for PBXNativeTarget "pinitTests" */;
			buildPhases = (
				5305732B05422442F6519907 /* [CP] Check Pods Manifest.lock */,
				5D67E7FD24E84E7000F5D240 /* Sources */,
				5D67E7FE24E84E7000F5D240 /* Frameworks */,
				5D67E7FF24E84E7000F5D240 /* Resources */,
			);
			buildRules = (
			);
			dependencies = (
				5D67E80324E84E7000F5D240 /* PBXTargetDependency */,
			);
			name = pinitTests;
			productName = pinitTests;
			productReference = 5D67E80124E84E7000F5D240 /* pinitTests.xctest */;
			productType = "com.apple.product-type.bundle.unit-test";
		};
		5D67E80B24E84E7000F5D240 /* pinitUITests */ = {
			isa = PBXNativeTarget;
			buildConfigurationList = 5D67E81B24E84E7000F5D240 /* Build configuration list for PBXNativeTarget "pinitUITests" */;
			buildPhases = (
				7A09C05B08E3098D972D6370 /* [CP] Check Pods Manifest.lock */,
				5D67E80824E84E7000F5D240 /* Sources */,
				5D67E80924E84E7000F5D240 /* Frameworks */,
				5D67E80A24E84E7000F5D240 /* Resources */,
				B2353331E4CB7C8EE4B6A31A /* [CP] Embed Pods Frameworks */,
			);
			buildRules = (
			);
			dependencies = (
				5D67E80E24E84E7000F5D240 /* PBXTargetDependency */,
			);
			name = pinitUITests;
			productName = pinitUITests;
			productReference = 5D67E80C24E84E7000F5D240 /* pinitUITests.xctest */;
			productType = "com.apple.product-type.bundle.ui-testing";
		};
/* End PBXNativeTarget section */

/* Begin PBXProject section */
		5D67E7E324E84E6C00F5D240 /* Project object */ = {
			isa = PBXProject;
			attributes = {
				LastSwiftUpdateCheck = 1140;
				LastUpgradeCheck = 1140;
				ORGANIZATIONNAME = "Janmajaya Mall";
				TargetAttributes = {
					5D67E7EA24E84E6C00F5D240 = {
						CreatedOnToolsVersion = 11.4.1;
					};
					5D67E80024E84E7000F5D240 = {
						CreatedOnToolsVersion = 11.4.1;
						TestTargetID = 5D67E7EA24E84E6C00F5D240;
					};
					5D67E80B24E84E7000F5D240 = {
						CreatedOnToolsVersion = 11.4.1;
						TestTargetID = 5D67E7EA24E84E6C00F5D240;
					};
				};
			};
			buildConfigurationList = 5D67E7E624E84E6C00F5D240 /* Build configuration list for PBXProject "pinit" */;
			compatibilityVersion = "Xcode 9.3";
			developmentRegion = en;
			hasScannedForEncodings = 0;
			knownRegions = (
				en,
				Base,
			);
			mainGroup = 5D67E7E224E84E6C00F5D240;
			productRefGroup = 5D67E7EC24E84E6C00F5D240 /* Products */;
			projectDirPath = "";
			projectRoot = "";
			targets = (
				5D67E7EA24E84E6C00F5D240 /* pinit */,
				5D67E80024E84E7000F5D240 /* pinitTests */,
				5D67E80B24E84E7000F5D240 /* pinitUITests */,
			);
		};
/* End PBXProject section */

/* Begin PBXResourcesBuildPhase section */
		5D67E7E924E84E6C00F5D240 /* Resources */ = {
			isa = PBXResourcesBuildPhase;
			buildActionMask = 2147483647;
			files = (
				5D67E7FB24E84E7000F5D240 /* LaunchScreen.storyboard in Resources */,
				5DE4A3CA24FC082A00262A95 /* ReadMe.md in Resources */,
				5D67E7F824E84E7000F5D240 /* Preview Assets.xcassets in Resources */,
				5D7ECA55254B25C100195079 /* ThrillingMoment.mp4 in Resources */,
				5D7ECA57254B5B3900195079 /* FunMoment.mp4 in Resources */,
				5D67E7F524E84E7000F5D240 /* Assets.xcassets in Resources */,
				5D567CF324F3E57300283E5B /* Avenir.ttc in Resources */,
			);
			runOnlyForDeploymentPostprocessing = 0;
		};
		5D67E7FF24E84E7000F5D240 /* Resources */ = {
			isa = PBXResourcesBuildPhase;
			buildActionMask = 2147483647;
			files = (
			);
			runOnlyForDeploymentPostprocessing = 0;
		};
		5D67E80A24E84E7000F5D240 /* Resources */ = {
			isa = PBXResourcesBuildPhase;
			buildActionMask = 2147483647;
			files = (
			);
			runOnlyForDeploymentPostprocessing = 0;
		};
/* End PBXResourcesBuildPhase section */

/* Begin PBXShellScriptBuildPhase section */
		15FB515453E8AA293F288CC0 /* [CP] Check Pods Manifest.lock */ = {
			isa = PBXShellScriptBuildPhase;
			buildActionMask = 2147483647;
			files = (
			);
			inputFileListPaths = (
			);
			inputPaths = (
				"${PODS_PODFILE_DIR_PATH}/Podfile.lock",
				"${PODS_ROOT}/Manifest.lock",
			);
			name = "[CP] Check Pods Manifest.lock";
			outputFileListPaths = (
			);
			outputPaths = (
				"$(DERIVED_FILE_DIR)/Pods-pinit-checkManifestLockResult.txt",
			);
			runOnlyForDeploymentPostprocessing = 0;
			shellPath = /bin/sh;
			shellScript = "diff \"${PODS_PODFILE_DIR_PATH}/Podfile.lock\" \"${PODS_ROOT}/Manifest.lock\" > /dev/null\nif [ $? != 0 ] ; then\n    # print error to STDERR\n    echo \"error: The sandbox is not in sync with the Podfile.lock. Run 'pod install' or update your CocoaPods installation.\" >&2\n    exit 1\nfi\n# This output is used by Xcode 'outputs' to avoid re-running this script phase.\necho \"SUCCESS\" > \"${SCRIPT_OUTPUT_FILE_0}\"\n";
			showEnvVarsInLog = 0;
		};
		267BA15373B5431EB5D50FB2 /* [CP] Embed Pods Frameworks */ = {
			isa = PBXShellScriptBuildPhase;
			buildActionMask = 2147483647;
			files = (
			);
			inputFileListPaths = (
				"${PODS_ROOT}/Target Support Files/Pods-pinit/Pods-pinit-frameworks-${CONFIGURATION}-input-files.xcfilelist",
			);
			name = "[CP] Embed Pods Frameworks";
			outputFileListPaths = (
				"${PODS_ROOT}/Target Support Files/Pods-pinit/Pods-pinit-frameworks-${CONFIGURATION}-output-files.xcfilelist",
			);
			runOnlyForDeploymentPostprocessing = 0;
			shellPath = /bin/sh;
			shellScript = "\"${PODS_ROOT}/Target Support Files/Pods-pinit/Pods-pinit-frameworks.sh\"\n";
			showEnvVarsInLog = 0;
		};
		5305732B05422442F6519907 /* [CP] Check Pods Manifest.lock */ = {
			isa = PBXShellScriptBuildPhase;
			buildActionMask = 2147483647;
			files = (
			);
			inputFileListPaths = (
			);
			inputPaths = (
				"${PODS_PODFILE_DIR_PATH}/Podfile.lock",
				"${PODS_ROOT}/Manifest.lock",
			);
			name = "[CP] Check Pods Manifest.lock";
			outputFileListPaths = (
			);
			outputPaths = (
				"$(DERIVED_FILE_DIR)/Pods-pinitTests-checkManifestLockResult.txt",
			);
			runOnlyForDeploymentPostprocessing = 0;
			shellPath = /bin/sh;
			shellScript = "diff \"${PODS_PODFILE_DIR_PATH}/Podfile.lock\" \"${PODS_ROOT}/Manifest.lock\" > /dev/null\nif [ $? != 0 ] ; then\n    # print error to STDERR\n    echo \"error: The sandbox is not in sync with the Podfile.lock. Run 'pod install' or update your CocoaPods installation.\" >&2\n    exit 1\nfi\n# This output is used by Xcode 'outputs' to avoid re-running this script phase.\necho \"SUCCESS\" > \"${SCRIPT_OUTPUT_FILE_0}\"\n";
			showEnvVarsInLog = 0;
		};
		5DEA78DC251673D30041D7AF /* ShellScript */ = {
			isa = PBXShellScriptBuildPhase;
			buildActionMask = 2147483647;
			files = (
			);
			inputFileListPaths = (
			);
			inputPaths = (
			);
			outputFileListPaths = (
			);
			outputPaths = (
			);
			runOnlyForDeploymentPostprocessing = 0;
			shellPath = /bin/sh;
			shellScript = "# Type a script or drag a script file from your workspace to insert its path.\n\"${PODS_ROOT}/FirebaseCrashlytics/run\"\n\n";
		};
		5DFF62FB252279EE0038820A /* Setup firebase plist files */ = {
			isa = PBXShellScriptBuildPhase;
			buildActionMask = 2147483647;
			files = (
			);
			inputFileListPaths = (
			);
			inputPaths = (
			);
			name = "Setup firebase plist files";
			outputFileListPaths = (
			);
			outputPaths = (
			);
			runOnlyForDeploymentPostprocessing = 0;
			shellPath = /bin/sh;
			shellScript = "# Type a script or drag a script file from your workspace to insert its path.\nINFO_PLIST=GoogleService-Info.plist\n\nDEBUG_INFO_PLIST=${PROJECT_DIR}/${TARGET_NAME}/Firebase/Debug/${INFO_PLIST}\nRELEASE_INFO_PLIST=${PROJECT_DIR}/${TARGET_NAME}/Firebase/Release/${INFO_PLIST}\n\necho \"Checking ${INFO_PLIST} in ${DEBUG_INFO_PLIST}\"\nif [ ! -f $DEBUG_INFO_PLIST ] ; then\n    echo \"Debug GoogleService-Info.plist not found.\"\n    exit 1\nfi\n\necho \"Checking ${INFO_PLIST} in ${RELEASE_INFO_PLIST}\"\nif [ ! -f $RELEASE_INFO_PLIST ] ; then\n    echo \"Release GoogleService-Info.plist not found.\"\n    exit 1\nfi\n\nPLIST_DESTINATION=${BUILT_PRODUCTS_DIR}/${PRODUCT_NAME}.app\necho \"Copying ${INFO_PLIST} to final destination: ${PLIST_DESTINATION}\"\n\nif [ \"${CONFIGURATION}\" == \"Release\" ] ; then\n    echo \"Copied ${RELEASE_INFO_PLIST}.\"\n    cp \"${RELEASE_INFO_PLIST}\" \"${PLIST_DESTINATION}\"\nelse\n    echo \"Copied ${DEBUG_INFO_PLIST}.\"\n    cp \"${DEBUG_INFO_PLIST}\" \"${PLIST_DESTINATION}\"\nfi\n";
		};
		7A09C05B08E3098D972D6370 /* [CP] Check Pods Manifest.lock */ = {
			isa = PBXShellScriptBuildPhase;
			buildActionMask = 2147483647;
			files = (
			);
			inputFileListPaths = (
			);
			inputPaths = (
				"${PODS_PODFILE_DIR_PATH}/Podfile.lock",
				"${PODS_ROOT}/Manifest.lock",
			);
			name = "[CP] Check Pods Manifest.lock";
			outputFileListPaths = (
			);
			outputPaths = (
				"$(DERIVED_FILE_DIR)/Pods-pinit-pinitUITests-checkManifestLockResult.txt",
			);
			runOnlyForDeploymentPostprocessing = 0;
			shellPath = /bin/sh;
			shellScript = "diff \"${PODS_PODFILE_DIR_PATH}/Podfile.lock\" \"${PODS_ROOT}/Manifest.lock\" > /dev/null\nif [ $? != 0 ] ; then\n    # print error to STDERR\n    echo \"error: The sandbox is not in sync with the Podfile.lock. Run 'pod install' or update your CocoaPods installation.\" >&2\n    exit 1\nfi\n# This output is used by Xcode 'outputs' to avoid re-running this script phase.\necho \"SUCCESS\" > \"${SCRIPT_OUTPUT_FILE_0}\"\n";
			showEnvVarsInLog = 0;
		};
		B2353331E4CB7C8EE4B6A31A /* [CP] Embed Pods Frameworks */ = {
			isa = PBXShellScriptBuildPhase;
			buildActionMask = 2147483647;
			files = (
			);
			inputFileListPaths = (
				"${PODS_ROOT}/Target Support Files/Pods-pinit-pinitUITests/Pods-pinit-pinitUITests-frameworks-${CONFIGURATION}-input-files.xcfilelist",
			);
			name = "[CP] Embed Pods Frameworks";
			outputFileListPaths = (
				"${PODS_ROOT}/Target Support Files/Pods-pinit-pinitUITests/Pods-pinit-pinitUITests-frameworks-${CONFIGURATION}-output-files.xcfilelist",
			);
			runOnlyForDeploymentPostprocessing = 0;
			shellPath = /bin/sh;
			shellScript = "\"${PODS_ROOT}/Target Support Files/Pods-pinit-pinitUITests/Pods-pinit-pinitUITests-frameworks.sh\"\n";
			showEnvVarsInLog = 0;
		};
/* End PBXShellScriptBuildPhase section */

/* Begin PBXSourcesBuildPhase section */
		5D67E7E724E84E6C00F5D240 /* Sources */ = {
			isa = PBXSourcesBuildPhase;
			buildActionMask = 2147483647;
			files = (
				5D564F4224F2972400962CEF /* SliderMenuView.swift in Sources */,
				5DC8527524EFDDC500E36DCE /* UIView+Extensions.swift in Sources */,
				5D52F7D224E98E0F00D9F27E /* GeohashingService.swift in Sources */,
				5DADAC9D251E01EA002C2571 /* PulseLoader.swift in Sources */,
				5D52F7A724E917D400D9F27E /* MainArView.swift in Sources */,
				5D2C93CD2545687300C97FDA /* MainArViewIconsView.swift in Sources */,
				5D2C93CF2545696D00C97FDA /* MainArViewIndicatorsView.swift in Sources */,
				5DAE4136250A7EB50017A598 /* GroupSCNNode.swift in Sources */,
				5DC2859924ED029F00830887 /* AppArScnView.swift in Sources */,
				5D2ED1F824FD0D3C00C542B0 /* TextViewModifiers.swift in Sources */,
				5D52F7D824E98F5900D9F27E /* RetrievePostService.swift in Sources */,
				5DD2962F250E5FD600982587 /* EditCaptureVideoView.swift in Sources */,
				5DE94F9824F5B392005F0A04 /* MoreSettingsViewModel.swift in Sources */,
				5D52F7E324EA755C00D9F27E /* GeohashModel.swift in Sources */,
				5D52F7AF24E9251800D9F27E /* ScreenManagementService.swift in Sources */,
				5D52F7AB24E91DEA00D9F27E /* Notification+Extensions.swift in Sources */,
				5D249CEF24FFFA3C00956241 /* PostDisplayInfoModel.swift in Sources */,
				5D032FB725400672009D9D67 /* BlockUsersService.swift in Sources */,
				5D032FBD25401582009D9D67 /* BlockUserView.swift in Sources */,
				5DD88BC4251F4DD100EA99A1 /* PopUpWarningView.swift in Sources */,
				5D31948624F00ECF001182E4 /* SafeTopEdgeViewModifier.swift in Sources */,
				5D032FC125403E69009D9D67 /* RequestBlockUserModel.swift in Sources */,
				5D67E7EF24E84E6C00F5D240 /* AppDelegate.swift in Sources */,
				5D2C93C925455CDD00C97FDA /* MainOnboardingView.swift in Sources */,
				5D52F7B324E9257E00D9F27E /* UserProfileService.swift in Sources */,
				5D52F7B724E93A5200D9F27E /* ProfileModel.swift in Sources */,
				5D2C93D12545846B00C97FDA /* OnboardingViewModel.swift in Sources */,
				5D6B1F7F24FEE7B800DCC418 /* CameraFeedController.swift in Sources */,
				5D31948824F0195F001182E4 /* RequestCreatePostWithImageModel.swift in Sources */,
				5DC53050250E845C002FCD76 /* RequestCreatePostWithVideoModel.swift in Sources */,
				5D52F7C124E9548D00D9F27E /* EditUsernameView.swift in Sources */,
				5DC8527324EFD9DC00E36DCE /* EnvironmentValues+Extensions.swift in Sources */,
				5D032FB925400B27009D9D67 /* BlockedUserModel.swift in Sources */,
				5D55FA4C2546D490000A9DB3 /* OnboardingNodeModel.swift in Sources */,
				5D52F7CF24E974D600D9F27E /* UIKItSignInWithApple.swift in Sources */,
				5D4DD09F24ED2A1200E1FDF3 /* CaptureImageView.swift in Sources */,
				5D4DD0A224ED34B300E1FDF3 /* PathDrawing.swift in Sources */,
				5D567CF924F4340F00283E5B /* SoftEdgeButton.swift in Sources */,
				5D5F3241254A16A300901B9F /* LiveFeedModifiers.swift in Sources */,
				5D2ED1FA24FD1B5F00C542B0 /* CustomTextFieldView.swift in Sources */,
				5DC8527924EFED2300E36DCE /* KeyboardAwareViewModifiers.swift in Sources */,
				5D564F4024F2829300962CEF /* IconViewModifiers.swift in Sources */,
				5D52F7BD24E951AD00D9F27E /* Color+Extensions.swift in Sources */,
				5DEA78DE25168BB50041D7AF /* AnalyticsService.swift in Sources */,
				5DFB568B254991B7008DEBEC /* CameraFeedOnboardingView.swift in Sources */,
				5D5245FD24F4555E0000317D /* SetupProfileViewModel.swift in Sources */,
				5D275502252E635600F5F2AA /* ReportUserModel.swift in Sources */,
				5D2754FA252E572300F5F2AA /* FeedbackModel.swift in Sources */,
				5D032FBF254016AB009D9D67 /* BlockUserViewModel.swift in Sources */,
				5DC8527B24EFF83E00E36DCE /* FadeKeyboard.swift in Sources */,
				5D032FBB25401505009D9D67 /* OtherUserModel.swift in Sources */,
				5D6B1F8124FEF85D00DCC418 /* CameraFeedViewController.swift in Sources */,
				5D576A3824F1A465004A004C /* EmailAuthenticationView.swift in Sources */,
				5D52F7D624E98F2F00D9F27E /* UploadPostService.swift in Sources */,
				5D275504252E64CD00F5F2AA /* FeedbackView.swift in Sources */,
				5D52F7DF24E9952800D9F27E /* CLLocation+Extensions.swift in Sources */,
				5D1CF0A82500095B00DD4E90 /* PostDisplayInfoViewModel.swift in Sources */,
				5D86652C25138EC800049980 /* CameraFeedView.swift in Sources */,
				5D2754FC252E585700F5F2AA /* AdditionalDataService.swift in Sources */,
				5D67E7F124E84E6C00F5D240 /* SceneDelegate.swift in Sources */,
				5D18494D250987DA0035021F /* EstimatedUserLocationService.swift in Sources */,
				5DC8527724EFE96500E36DCE /* UIKitUITextView.swift in Sources */,
				5DAE4138250C18820017A598 /* PostDisplayNodeModel.swift in Sources */,
				5D52F7A924E91AE700D9F27E /* AuthenticationService.swift in Sources */,
				5DD29631250E648200982587 /* UIKitAVPlayerView.swift in Sources */,
				5D567CFB24F43BB500283E5B /* CustomButtonStyles.swift in Sources */,
				5D35B3B42521290A0050EDF9 /* CirclesScaleLoader.swift in Sources */,
				5D9F13AB24F540FE00A8BC67 /* RequestSetupUserProfileModel.swift in Sources */,
				5DD2962D250E5EC000982587 /* EditingVideoViewModel.swift in Sources */,
				5D52F7E124E9A1B600D9F27E /* UIKitArSceneView.swift in Sources */,
				5D52F7AD24E91EF200D9F27E /* SettingsViewModel.swift in Sources */,
				5D7E39C525059CA800C6E0AB /* OptimisticUIPostModel.swift in Sources */,
				5DC8527124EFC87B00E36DCE /* ViewRectViewModifier.swift in Sources */,
				5DC2859D24ED0F3400830887 /* EditingViewModel.swift in Sources */,
				5D4DD0A424ED353B00E1FDF3 /* ImagePaintingModel.swift in Sources */,
				5D52F7B524E9288200D9F27E /* Publishers+Extensions.swift in Sources */,
				5DE94F9624F5B185005F0A04 /* View+Extensions.swift in Sources */,
				5D4DD0AA24ED425700E1FDF3 /* EditCaptureImageView.swift in Sources */,
				5D567CF724F428E400283E5B /* SetupProfileView.swift in Sources */,
				5D275506252E753F00F5F2AA /* ReportUserView.swift in Sources */,
				5DF22C25253EC78D00DB0634 /* TermsAndConditionsView.swift in Sources */,
				5D55FA4A2546D213000A9DB3 /* OnboardingSCNNode.swift in Sources */,
				5D275500252E633800F5F2AA /* RequestReportUserModel.swift in Sources */,
				5D297D4525238316008E9FF5 /* UserActiveDataModel.swift in Sources */,
				5D52F7DA24E9932600D9F27E /* LocationService.swift in Sources */,
				5D52F7CB24E96E8F00D9F27E /* LoginView.swift in Sources */,
				5DD5E1142517B29600EA17CC /* Loader.swift in Sources */,
				5D52F7BF24E952FE00D9F27E /* ProfileView.swift in Sources */,
				5D52F7B924E93AAA00D9F27E /* PostModel.swift in Sources */,
				5D297D4125236574008E9FF5 /* UIKitSafariWebView.swift in Sources */,
				5D2754FE252E5A3200F5F2AA /* RequestFeedbackModel.swift in Sources */,
			);
			runOnlyForDeploymentPostprocessing = 0;
		};
		5D67E7FD24E84E7000F5D240 /* Sources */ = {
			isa = PBXSourcesBuildPhase;
			buildActionMask = 2147483647;
			files = (
				5D67E80624E84E7000F5D240 /* pinitTests.swift in Sources */,
			);
			runOnlyForDeploymentPostprocessing = 0;
		};
		5D67E80824E84E7000F5D240 /* Sources */ = {
			isa = PBXSourcesBuildPhase;
			buildActionMask = 2147483647;
			files = (
				5D67E81124E84E7000F5D240 /* pinitUITests.swift in Sources */,
			);
			runOnlyForDeploymentPostprocessing = 0;
		};
/* End PBXSourcesBuildPhase section */

/* Begin PBXTargetDependency section */
		5D67E80324E84E7000F5D240 /* PBXTargetDependency */ = {
			isa = PBXTargetDependency;
			target = 5D67E7EA24E84E6C00F5D240 /* pinit */;
			targetProxy = 5D67E80224E84E7000F5D240 /* PBXContainerItemProxy */;
		};
		5D67E80E24E84E7000F5D240 /* PBXTargetDependency */ = {
			isa = PBXTargetDependency;
			target = 5D67E7EA24E84E6C00F5D240 /* pinit */;
			targetProxy = 5D67E80D24E84E7000F5D240 /* PBXContainerItemProxy */;
		};
/* End PBXTargetDependency section */

/* Begin PBXVariantGroup section */
		5D67E7F924E84E7000F5D240 /* LaunchScreen.storyboard */ = {
			isa = PBXVariantGroup;
			children = (
				5D67E7FA24E84E7000F5D240 /* Base */,
			);
			name = LaunchScreen.storyboard;
			sourceTree = "<group>";
		};
/* End PBXVariantGroup section */

/* Begin XCBuildConfiguration section */
		5D67E81324E84E7000F5D240 /* Debug */ = {
			isa = XCBuildConfiguration;
			buildSettings = {
				ALWAYS_SEARCH_USER_PATHS = NO;
				CLANG_ANALYZER_NONNULL = YES;
				CLANG_ANALYZER_NUMBER_OBJECT_CONVERSION = YES_AGGRESSIVE;
				CLANG_CXX_LANGUAGE_STANDARD = "gnu++14";
				CLANG_CXX_LIBRARY = "libc++";
				CLANG_ENABLE_MODULES = YES;
				CLANG_ENABLE_OBJC_ARC = YES;
				CLANG_ENABLE_OBJC_WEAK = YES;
				CLANG_WARN_BLOCK_CAPTURE_AUTORELEASING = YES;
				CLANG_WARN_BOOL_CONVERSION = YES;
				CLANG_WARN_COMMA = YES;
				CLANG_WARN_CONSTANT_CONVERSION = YES;
				CLANG_WARN_DEPRECATED_OBJC_IMPLEMENTATIONS = YES;
				CLANG_WARN_DIRECT_OBJC_ISA_USAGE = YES_ERROR;
				CLANG_WARN_DOCUMENTATION_COMMENTS = YES;
				CLANG_WARN_EMPTY_BODY = YES;
				CLANG_WARN_ENUM_CONVERSION = YES;
				CLANG_WARN_INFINITE_RECURSION = YES;
				CLANG_WARN_INT_CONVERSION = YES;
				CLANG_WARN_NON_LITERAL_NULL_CONVERSION = YES;
				CLANG_WARN_OBJC_IMPLICIT_RETAIN_SELF = YES;
				CLANG_WARN_OBJC_LITERAL_CONVERSION = YES;
				CLANG_WARN_OBJC_ROOT_CLASS = YES_ERROR;
				CLANG_WARN_RANGE_LOOP_ANALYSIS = YES;
				CLANG_WARN_STRICT_PROTOTYPES = YES;
				CLANG_WARN_SUSPICIOUS_MOVE = YES;
				CLANG_WARN_UNGUARDED_AVAILABILITY = YES_AGGRESSIVE;
				CLANG_WARN_UNREACHABLE_CODE = YES;
				CLANG_WARN__DUPLICATE_METHOD_MATCH = YES;
				COPY_PHASE_STRIP = NO;
				DEBUG_INFORMATION_FORMAT = dwarf;
				ENABLE_STRICT_OBJC_MSGSEND = YES;
				ENABLE_TESTABILITY = YES;
				GCC_C_LANGUAGE_STANDARD = gnu11;
				GCC_DYNAMIC_NO_PIC = NO;
				GCC_NO_COMMON_BLOCKS = YES;
				GCC_OPTIMIZATION_LEVEL = 0;
				GCC_PREPROCESSOR_DEFINITIONS = (
					"DEBUG=1",
					"$(inherited)",
				);
				GCC_WARN_64_TO_32_BIT_CONVERSION = YES;
				GCC_WARN_ABOUT_RETURN_TYPE = YES_ERROR;
				GCC_WARN_UNDECLARED_SELECTOR = YES;
				GCC_WARN_UNINITIALIZED_AUTOS = YES_AGGRESSIVE;
				GCC_WARN_UNUSED_FUNCTION = YES;
				GCC_WARN_UNUSED_VARIABLE = YES;
				IPHONEOS_DEPLOYMENT_TARGET = 13.4;
				MTL_ENABLE_DEBUG_INFO = INCLUDE_SOURCE;
				MTL_FAST_MATH = YES;
				ONLY_ACTIVE_ARCH = YES;
				SDKROOT = iphoneos;
				SWIFT_ACTIVE_COMPILATION_CONDITIONS = DEBUG;
				SWIFT_OPTIMIZATION_LEVEL = "-Onone";
			};
			name = Debug;
		};
		5D67E81424E84E7000F5D240 /* Release */ = {
			isa = XCBuildConfiguration;
			buildSettings = {
				ALWAYS_SEARCH_USER_PATHS = NO;
				CLANG_ANALYZER_NONNULL = YES;
				CLANG_ANALYZER_NUMBER_OBJECT_CONVERSION = YES_AGGRESSIVE;
				CLANG_CXX_LANGUAGE_STANDARD = "gnu++14";
				CLANG_CXX_LIBRARY = "libc++";
				CLANG_ENABLE_MODULES = YES;
				CLANG_ENABLE_OBJC_ARC = YES;
				CLANG_ENABLE_OBJC_WEAK = YES;
				CLANG_WARN_BLOCK_CAPTURE_AUTORELEASING = YES;
				CLANG_WARN_BOOL_CONVERSION = YES;
				CLANG_WARN_COMMA = YES;
				CLANG_WARN_CONSTANT_CONVERSION = YES;
				CLANG_WARN_DEPRECATED_OBJC_IMPLEMENTATIONS = YES;
				CLANG_WARN_DIRECT_OBJC_ISA_USAGE = YES_ERROR;
				CLANG_WARN_DOCUMENTATION_COMMENTS = YES;
				CLANG_WARN_EMPTY_BODY = YES;
				CLANG_WARN_ENUM_CONVERSION = YES;
				CLANG_WARN_INFINITE_RECURSION = YES;
				CLANG_WARN_INT_CONVERSION = YES;
				CLANG_WARN_NON_LITERAL_NULL_CONVERSION = YES;
				CLANG_WARN_OBJC_IMPLICIT_RETAIN_SELF = YES;
				CLANG_WARN_OBJC_LITERAL_CONVERSION = YES;
				CLANG_WARN_OBJC_ROOT_CLASS = YES_ERROR;
				CLANG_WARN_RANGE_LOOP_ANALYSIS = YES;
				CLANG_WARN_STRICT_PROTOTYPES = YES;
				CLANG_WARN_SUSPICIOUS_MOVE = YES;
				CLANG_WARN_UNGUARDED_AVAILABILITY = YES_AGGRESSIVE;
				CLANG_WARN_UNREACHABLE_CODE = YES;
				CLANG_WARN__DUPLICATE_METHOD_MATCH = YES;
				COPY_PHASE_STRIP = NO;
				DEBUG_INFORMATION_FORMAT = "dwarf-with-dsym";
				ENABLE_NS_ASSERTIONS = NO;
				ENABLE_STRICT_OBJC_MSGSEND = YES;
				GCC_C_LANGUAGE_STANDARD = gnu11;
				GCC_NO_COMMON_BLOCKS = YES;
				GCC_WARN_64_TO_32_BIT_CONVERSION = YES;
				GCC_WARN_ABOUT_RETURN_TYPE = YES_ERROR;
				GCC_WARN_UNDECLARED_SELECTOR = YES;
				GCC_WARN_UNINITIALIZED_AUTOS = YES_AGGRESSIVE;
				GCC_WARN_UNUSED_FUNCTION = YES;
				GCC_WARN_UNUSED_VARIABLE = YES;
				IPHONEOS_DEPLOYMENT_TARGET = 13.4;
				MTL_ENABLE_DEBUG_INFO = NO;
				MTL_FAST_MATH = YES;
				SDKROOT = iphoneos;
				SWIFT_COMPILATION_MODE = wholemodule;
				SWIFT_OPTIMIZATION_LEVEL = "-O";
				VALIDATE_PRODUCT = YES;
			};
			name = Release;
		};
		5D67E81624E84E7000F5D240 /* Debug */ = {
			isa = XCBuildConfiguration;
			baseConfigurationReference = 59CAA5EB3D5CF0D8F1E4E3E7 /* Pods-pinit.debug.xcconfig */;
			buildSettings = {
				ASSETCATALOG_COMPILER_APPICON_NAME = AppIcon;
				CODE_SIGN_ENTITLEMENTS = pinit/pinit.entitlements;
				CODE_SIGN_IDENTITY = "Apple Development";
				CODE_SIGN_STYLE = Automatic;
				CURRENT_PROJECT_VERSION = 1.2.7;
				DEBUG_INFORMATION_FORMAT = "dwarf-with-dsym";
				DEVELOPMENT_ASSET_PATHS = "\"pinit/Preview Content\"";
				DEVELOPMENT_TEAM = B8GFL3DC67;
				ENABLE_PREVIEWS = YES;
				INFOPLIST_FILE = pinit/Info.plist;
				IPHONEOS_DEPLOYMENT_TARGET = 13.0;
				LD_RUNPATH_SEARCH_PATHS = (
					"$(inherited)",
					"@executable_path/Frameworks",
				);
				MARKETING_VERSION = 1.2.7;
				PRODUCT_BUNDLE_IDENTIFIER = com.finch.here;
				PRODUCT_NAME = FinchIt;
				PROVISIONING_PROFILE_SPECIFIER = "";
				SWIFT_VERSION = 5.0;
				TARGETED_DEVICE_FAMILY = 1;
			};
			name = Debug;
		};
		5D67E81724E84E7000F5D240 /* Release */ = {
			isa = XCBuildConfiguration;
			baseConfigurationReference = D95108D2E4FCA5D767CFA1BA /* Pods-pinit.release.xcconfig */;
			buildSettings = {
				ASSETCATALOG_COMPILER_APPICON_NAME = AppIcon;
				CODE_SIGN_ENTITLEMENTS = pinit/pinit.entitlements;
				CODE_SIGN_IDENTITY = "Apple Development";
				CODE_SIGN_STYLE = Automatic;
				CURRENT_PROJECT_VERSION = 1.2.7;
				DEVELOPMENT_ASSET_PATHS = "\"pinit/Preview Content\"";
				DEVELOPMENT_TEAM = B8GFL3DC67;
				ENABLE_PREVIEWS = YES;
				INFOPLIST_FILE = pinit/Info.plist;
				IPHONEOS_DEPLOYMENT_TARGET = 13.0;
				LD_RUNPATH_SEARCH_PATHS = (
					"$(inherited)",
					"@executable_path/Frameworks",
				);
				MARKETING_VERSION = 1.2.7;
				PRODUCT_BUNDLE_IDENTIFIER = com.finch.here;
				PRODUCT_NAME = FinchIt;
				PROVISIONING_PROFILE_SPECIFIER = "";
				SWIFT_VERSION = 5.0;
				TARGETED_DEVICE_FAMILY = 1;
			};
			name = Release;
		};
		5D67E81924E84E7000F5D240 /* Debug */ = {
			isa = XCBuildConfiguration;
			baseConfigurationReference = B61EBD27B9D749860513D9D2 /* Pods-pinitTests.debug.xcconfig */;
			buildSettings = {
				ALWAYS_EMBED_SWIFT_STANDARD_LIBRARIES = YES;
				BUNDLE_LOADER = "$(TEST_HOST)";
				CODE_SIGN_STYLE = Automatic;
				DEVELOPMENT_TEAM = B8GFL3DC67;
				INFOPLIST_FILE = pinitTests/Info.plist;
				IPHONEOS_DEPLOYMENT_TARGET = 13.4;
				LD_RUNPATH_SEARCH_PATHS = (
					"$(inherited)",
					"@executable_path/Frameworks",
					"@loader_path/Frameworks",
				);
				PRODUCT_BUNDLE_IDENTIFIER = com.pinit.here.pinitTests;
				PRODUCT_NAME = "$(TARGET_NAME)";
				SWIFT_VERSION = 5.0;
				TARGETED_DEVICE_FAMILY = "1,2";
				TEST_HOST = "$(BUILT_PRODUCTS_DIR)/pinit.app/pinit";
			};
			name = Debug;
		};
		5D67E81A24E84E7000F5D240 /* Release */ = {
			isa = XCBuildConfiguration;
			baseConfigurationReference = 3E8D19A439A1ECBDE7FAF4FD /* Pods-pinitTests.release.xcconfig */;
			buildSettings = {
				ALWAYS_EMBED_SWIFT_STANDARD_LIBRARIES = YES;
				BUNDLE_LOADER = "$(TEST_HOST)";
				CODE_SIGN_STYLE = Automatic;
				DEVELOPMENT_TEAM = B8GFL3DC67;
				INFOPLIST_FILE = pinitTests/Info.plist;
				IPHONEOS_DEPLOYMENT_TARGET = 13.4;
				LD_RUNPATH_SEARCH_PATHS = (
					"$(inherited)",
					"@executable_path/Frameworks",
					"@loader_path/Frameworks",
				);
				PRODUCT_BUNDLE_IDENTIFIER = com.pinit.here.pinitTests;
				PRODUCT_NAME = "$(TARGET_NAME)";
				SWIFT_VERSION = 5.0;
				TARGETED_DEVICE_FAMILY = "1,2";
				TEST_HOST = "$(BUILT_PRODUCTS_DIR)/pinit.app/pinit";
			};
			name = Release;
		};
		5D67E81C24E84E7000F5D240 /* Debug */ = {
			isa = XCBuildConfiguration;
			baseConfigurationReference = 1CC15B3AF420FD7BBF521AD8 /* Pods-pinit-pinitUITests.debug.xcconfig */;
			buildSettings = {
				ALWAYS_EMBED_SWIFT_STANDARD_LIBRARIES = YES;
				CODE_SIGN_STYLE = Automatic;
				DEVELOPMENT_TEAM = B8GFL3DC67;
				INFOPLIST_FILE = pinitUITests/Info.plist;
				LD_RUNPATH_SEARCH_PATHS = (
					"$(inherited)",
					"@executable_path/Frameworks",
					"@loader_path/Frameworks",
				);
				PRODUCT_BUNDLE_IDENTIFIER = com.pinit.here.pinitUITests;
				PRODUCT_NAME = "$(TARGET_NAME)";
				SWIFT_VERSION = 5.0;
				TARGETED_DEVICE_FAMILY = "1,2";
				TEST_TARGET_NAME = pinit;
			};
			name = Debug;
		};
		5D67E81D24E84E7000F5D240 /* Release */ = {
			isa = XCBuildConfiguration;
			baseConfigurationReference = 567FEBC64D5CDDC0984DBDF3 /* Pods-pinit-pinitUITests.release.xcconfig */;
			buildSettings = {
				ALWAYS_EMBED_SWIFT_STANDARD_LIBRARIES = YES;
				CODE_SIGN_STYLE = Automatic;
				DEVELOPMENT_TEAM = B8GFL3DC67;
				INFOPLIST_FILE = pinitUITests/Info.plist;
				LD_RUNPATH_SEARCH_PATHS = (
					"$(inherited)",
					"@executable_path/Frameworks",
					"@loader_path/Frameworks",
				);
				PRODUCT_BUNDLE_IDENTIFIER = com.pinit.here.pinitUITests;
				PRODUCT_NAME = "$(TARGET_NAME)";
				SWIFT_VERSION = 5.0;
				TARGETED_DEVICE_FAMILY = "1,2";
				TEST_TARGET_NAME = pinit;
			};
			name = Release;
		};
/* End XCBuildConfiguration section */

/* Begin XCConfigurationList section */
		5D67E7E624E84E6C00F5D240 /* Build configuration list for PBXProject "pinit" */ = {
			isa = XCConfigurationList;
			buildConfigurations = (
				5D67E81324E84E7000F5D240 /* Debug */,
				5D67E81424E84E7000F5D240 /* Release */,
			);
			defaultConfigurationIsVisible = 0;
			defaultConfigurationName = Release;
		};
		5D67E81524E84E7000F5D240 /* Build configuration list for PBXNativeTarget "pinit" */ = {
			isa = XCConfigurationList;
			buildConfigurations = (
				5D67E81624E84E7000F5D240 /* Debug */,
				5D67E81724E84E7000F5D240 /* Release */,
			);
			defaultConfigurationIsVisible = 0;
			defaultConfigurationName = Release;
		};
		5D67E81824E84E7000F5D240 /* Build configuration list for PBXNativeTarget "pinitTests" */ = {
			isa = XCConfigurationList;
			buildConfigurations = (
				5D67E81924E84E7000F5D240 /* Debug */,
				5D67E81A24E84E7000F5D240 /* Release */,
			);
			defaultConfigurationIsVisible = 0;
			defaultConfigurationName = Release;
		};
		5D67E81B24E84E7000F5D240 /* Build configuration list for PBXNativeTarget "pinitUITests" */ = {
			isa = XCConfigurationList;
			buildConfigurations = (
				5D67E81C24E84E7000F5D240 /* Debug */,
				5D67E81D24E84E7000F5D240 /* Release */,
			);
			defaultConfigurationIsVisible = 0;
			defaultConfigurationName = Release;
		};
/* End XCConfigurationList section */
	};
	rootObject = 5D67E7E324E84E6C00F5D240 /* Project object */;
}
